{
  "version": 4,
  "terraform_version": "0.12.28",
  "serial": 540,
  "lineage": "1c799505-beed-19c6-5cdc-58351636aee8",
  "outputs": {},
  "resources": [
    {
      "module": "module.app-gw",
      "mode": "managed",
      "type": "azurerm_application_gateway",
      "name": "network",
      "provider": "provider.azurerm",
      "instances": [
        {
          "schema_version": 0,
          "attributes": {
            "authentication_certificate": [],
            "autoscale_configuration": [],
            "backend_address_pool": [
              {
                "fqdns": null,
                "id": "/subscriptions/25d9b7a7-6e17-43d6-920d-1b42f69113ea/resourceGroups/adda-rg/providers/Microsoft.Network/applicationGateways/appgatewayadda/backendAddressPools/gwbepool",
                "ip_addresses": null,
                "name": "gwbepool"
              }
            ],
            "backend_http_settings": [
              {
                "affinity_cookie_name": "",
                "authentication_certificate": [],
                "connection_draining": [],
                "cookie_based_affinity": "Disabled",
                "host_name": "",
                "id": "/subscriptions/25d9b7a7-6e17-43d6-920d-1b42f69113ea/resourceGroups/adda-rg/providers/Microsoft.Network/applicationGateways/appgatewayadda/backendHttpSettingsCollection/http80",
                "name": "http80",
                "path": "/path1/",
                "pick_host_name_from_backend_address": false,
                "port": 80,
                "probe_id": "",
                "probe_name": "",
                "protocol": "Http",
                "request_timeout": 60,
                "trusted_root_certificate_names": null
              }
            ],
            "custom_error_configuration": [],
            "enable_http2": false,
            "firewall_policy_id": null,
            "frontend_ip_configuration": [
              {
                "id": "/subscriptions/25d9b7a7-6e17-43d6-920d-1b42f69113ea/resourceGroups/adda-rg/providers/Microsoft.Network/applicationGateways/appgatewayadda/frontendIPConfigurations/gwfepip",
                "name": "gwfepip",
                "private_ip_address": "",
                "private_ip_address_allocation": "Dynamic",
                "public_ip_address_id": "/subscriptions/25d9b7a7-6e17-43d6-920d-1b42f69113ea/resourceGroups/adda-rg/providers/Microsoft.Network/publicIPAddresses/Publicip1",
                "subnet_id": ""
              }
            ],
            "frontend_port": [
              {
                "id": "/subscriptions/25d9b7a7-6e17-43d6-920d-1b42f69113ea/resourceGroups/adda-rg/providers/Microsoft.Network/applicationGateways/appgatewayadda/frontendPorts/gwfe",
                "name": "gwfe",
                "port": 80
              }
            ],
            "gateway_ip_configuration": [
              {
                "id": "/subscriptions/25d9b7a7-6e17-43d6-920d-1b42f69113ea/resourceGroups/adda-rg/providers/Microsoft.Network/applicationGateways/appgatewayadda/gatewayIPConfigurations/my-gateway-ip-configuration",
                "name": "my-gateway-ip-configuration",
                "subnet_id": "/subscriptions/25d9b7a7-6e17-43d6-920d-1b42f69113ea/resourceGroups/adda-rg/providers/Microsoft.Network/virtualNetworks/adda-vnet/subnets/subnet-appgw"
              }
            ],
            "http_listener": [
              {
                "custom_error_configuration": [],
                "firewall_policy_id": "",
                "frontend_ip_configuration_id": "/subscriptions/25d9b7a7-6e17-43d6-920d-1b42f69113ea/resourceGroups/adda-rg/providers/Microsoft.Network/applicationGateways/appgatewayadda/frontendIPConfigurations/gwfepip",
                "frontend_ip_configuration_name": "gwfepip",
                "frontend_port_id": "/subscriptions/25d9b7a7-6e17-43d6-920d-1b42f69113ea/resourceGroups/adda-rg/providers/Microsoft.Network/applicationGateways/appgatewayadda/frontendPorts/gwfe",
                "frontend_port_name": "gwfe",
                "host_name": "",
                "host_names": null,
                "id": "/subscriptions/25d9b7a7-6e17-43d6-920d-1b42f69113ea/resourceGroups/adda-rg/providers/Microsoft.Network/applicationGateways/appgatewayadda/httpListeners/gwlisten",
                "name": "gwlisten",
                "protocol": "Http",
                "require_sni": false,
                "ssl_certificate_id": "",
                "ssl_certificate_name": ""
              }
            ],
            "id": "/subscriptions/25d9b7a7-6e17-43d6-920d-1b42f69113ea/resourceGroups/adda-rg/providers/Microsoft.Network/applicationGateways/appgatewayadda",
            "identity": [],
            "location": "westeurope",
            "name": "appgatewayadda",
            "probe": [],
            "redirect_configuration": [],
            "request_routing_rule": [
              {
                "backend_address_pool_id": "/subscriptions/25d9b7a7-6e17-43d6-920d-1b42f69113ea/resourceGroups/adda-rg/providers/Microsoft.Network/applicationGateways/appgatewayadda/backendAddressPools/gwbepool",
                "backend_address_pool_name": "gwbepool",
                "backend_http_settings_id": "/subscriptions/25d9b7a7-6e17-43d6-920d-1b42f69113ea/resourceGroups/adda-rg/providers/Microsoft.Network/applicationGateways/appgatewayadda/backendHttpSettingsCollection/http80",
                "backend_http_settings_name": "http80",
                "http_listener_id": "/subscriptions/25d9b7a7-6e17-43d6-920d-1b42f69113ea/resourceGroups/adda-rg/providers/Microsoft.Network/applicationGateways/appgatewayadda/httpListeners/gwlisten",
                "http_listener_name": "gwlisten",
                "id": "/subscriptions/25d9b7a7-6e17-43d6-920d-1b42f69113ea/resourceGroups/adda-rg/providers/Microsoft.Network/applicationGateways/appgatewayadda/requestRoutingRules/reqrouting1",
                "name": "reqrouting1",
                "redirect_configuration_id": "",
                "redirect_configuration_name": "",
                "rewrite_rule_set_id": "",
                "rewrite_rule_set_name": "",
                "rule_type": "Basic",
                "url_path_map_id": "",
                "url_path_map_name": ""
              }
            ],
            "resource_group_name": "adda-rg",
            "rewrite_rule_set": [],
            "sku": [
              {
                "capacity": 1,
                "name": "WAF_Medium",
                "tier": "WAF"
              }
            ],
            "ssl_certificate": [],
            "ssl_policy": [
              {
                "cipher_suites": [],
                "disabled_protocols": [],
                "min_protocol_version": "",
                "policy_name": "AppGwSslPolicy20150501",
                "policy_type": "Predefined"
              }
            ],
            "tags": null,
            "timeouts": null,
            "trusted_root_certificate": [],
            "url_path_map": [],
            "waf_configuration": [
              {
                "disabled_rule_group": [],
                "enabled": true,
                "exclusion": [],
                "file_upload_limit_mb": 100,
                "firewall_mode": "Detection",
                "max_request_body_size_kb": 128,
                "request_body_check": true,
                "rule_set_type": "OWASP",
                "rule_set_version": "3.0"
              }
            ],
            "zones": null
          },
          "private": "eyJlMmJmYjczMC1lY2FhLTExZTYtOGY4OC0zNDM2M2JjN2M0YzAiOnsiY3JlYXRlIjo1NDAwMDAwMDAwMDAwLCJkZWxldGUiOjU0MDAwMDAwMDAwMDAsInJlYWQiOjMwMDAwMDAwMDAwMCwidXBkYXRlIjo1NDAwMDAwMDAwMDAwfX0=",
          "dependencies": [
            "module.lbpip.azurerm_public_ip.myterraformpublicip",
            "module.rg.azurerm_resource_group.myterraformgroup",
            "module.subnet-appgw.azurerm_subnet.myterraformsubnet",
            "module.vnet-spoke1.azurerm_virtual_network.myterraformnetwork"
          ]
        }
      ]
    },
    {
      "module": "module.availset-app",
      "mode": "managed",
      "type": "azurerm_availability_set",
      "name": "availabilityset",
      "provider": "provider.azurerm",
      "instances": [
        {
          "schema_version": 0,
          "attributes": {
            "id": "/subscriptions/25d9b7a7-6e17-43d6-920d-1b42f69113ea/resourceGroups/adda-rg/providers/Microsoft.Compute/availabilitySets/availsetapp",
            "location": "westeurope",
            "managed": true,
            "name": "availsetapp",
            "platform_fault_domain_count": 2,
            "platform_update_domain_count": 5,
            "proximity_placement_group_id": null,
            "resource_group_name": "adda-rg",
            "tags": {
              "Environment": "ADDA Demo"
            },
            "timeouts": null
          },
          "private": "eyJlMmJmYjczMC1lY2FhLTExZTYtOGY4OC0zNDM2M2JjN2M0YzAiOnsiY3JlYXRlIjoxODAwMDAwMDAwMDAwLCJkZWxldGUiOjE4MDAwMDAwMDAwMDAsInJlYWQiOjMwMDAwMDAwMDAwMCwidXBkYXRlIjoxODAwMDAwMDAwMDAwfX0=",
          "dependencies": [
            "module.rg.azurerm_resource_group.myterraformgroup"
          ]
        }
      ]
    },
    {
      "module": "module.availset-db",
      "mode": "managed",
      "type": "azurerm_availability_set",
      "name": "availabilityset",
      "provider": "provider.azurerm",
      "instances": [
        {
          "schema_version": 0,
          "attributes": {
            "id": "/subscriptions/25d9b7a7-6e17-43d6-920d-1b42f69113ea/resourceGroups/adda-rg/providers/Microsoft.Compute/availabilitySets/availsetdb",
            "location": "westeurope",
            "managed": true,
            "name": "availsetdb",
            "platform_fault_domain_count": 2,
            "platform_update_domain_count": 5,
            "proximity_placement_group_id": null,
            "resource_group_name": "adda-rg",
            "tags": {
              "Environment": "ADDA Demo"
            },
            "timeouts": null
          },
          "private": "eyJlMmJmYjczMC1lY2FhLTExZTYtOGY4OC0zNDM2M2JjN2M0YzAiOnsiY3JlYXRlIjoxODAwMDAwMDAwMDAwLCJkZWxldGUiOjE4MDAwMDAwMDAwMDAsInJlYWQiOjMwMDAwMDAwMDAwMCwidXBkYXRlIjoxODAwMDAwMDAwMDAwfX0=",
          "dependencies": [
            "module.rg.azurerm_resource_group.myterraformgroup"
          ]
        }
      ]
    },
    {
      "module": "module.availset-fe",
      "mode": "managed",
      "type": "azurerm_availability_set",
      "name": "availabilityset",
      "provider": "provider.azurerm",
      "instances": [
        {
          "schema_version": 0,
          "attributes": {
            "id": "/subscriptions/25d9b7a7-6e17-43d6-920d-1b42f69113ea/resourceGroups/adda-rg/providers/Microsoft.Compute/availabilitySets/availsetfe",
            "location": "westeurope",
            "managed": true,
            "name": "availsetfe",
            "platform_fault_domain_count": 2,
            "platform_update_domain_count": 5,
            "proximity_placement_group_id": null,
            "resource_group_name": "adda-rg",
            "tags": {
              "Environment": "ADDA Demo"
            },
            "timeouts": null
          },
          "private": "eyJlMmJmYjczMC1lY2FhLTExZTYtOGY4OC0zNDM2M2JjN2M0YzAiOnsiY3JlYXRlIjoxODAwMDAwMDAwMDAwLCJkZWxldGUiOjE4MDAwMDAwMDAwMDAsInJlYWQiOjMwMDAwMDAwMDAwMCwidXBkYXRlIjoxODAwMDAwMDAwMDAwfX0=",
          "dependencies": [
            "module.rg.azurerm_resource_group.myterraformgroup"
          ]
        }
      ]
    },
    {
      "module": "module.availset-ad",
      "mode": "managed",
      "type": "azurerm_availability_set",
      "name": "availabilityset",
      "provider": "provider.azurerm",
      "instances": [
        {
          "schema_version": 0,
          "attributes": {
            "id": "/subscriptions/25d9b7a7-6e17-43d6-920d-1b42f69113ea/resourceGroups/adda-rg/providers/Microsoft.Compute/availabilitySets/availsetad",
            "location": "westeurope",
            "managed": true,
            "name": "availsetad",
            "platform_fault_domain_count": 2,
            "platform_update_domain_count": 5,
            "proximity_placement_group_id": null,
            "resource_group_name": "adda-rg",
            "tags": {
              "Environment": "ADDA Demo"
            },
            "timeouts": null
          },
          "private": "eyJlMmJmYjczMC1lY2FhLTExZTYtOGY4OC0zNDM2M2JjN2M0YzAiOnsiY3JlYXRlIjoxODAwMDAwMDAwMDAwLCJkZWxldGUiOjE4MDAwMDAwMDAwMDAsInJlYWQiOjMwMDAwMDAwMDAwMCwidXBkYXRlIjoxODAwMDAwMDAwMDAwfX0=",
          "dependencies": [
            "module.rg.azurerm_resource_group.myterraformgroup"
          ]
        }
      ]
    },
    {
      "module": "module.linuxdb1",
      "mode": "managed",
      "type": "azurerm_linux_virtual_machine",
      "name": "myterraformvm",
      "provider": "provider.azurerm",
      "instances": [
        {
          "schema_version": 0,
          "attributes": {
            "additional_capabilities": [],
            "admin_password": "Password1234!",
            "admin_ssh_key": [],
            "admin_username": "testadmin",
            "allow_extension_operations": true,
            "availability_set_id": "/subscriptions/25d9b7a7-6e17-43d6-920d-1b42f69113ea/resourceGroups/adda-rg/providers/Microsoft.Compute/availabilitySets/AVAILSETDB",
            "boot_diagnostics": [
              {
                "storage_account_uri": "https://addastorage.blob.core.windows.net/"
              }
            ],
            "computer_name": "mysqldb1",
            "custom_data": null,
            "dedicated_host_id": "",
            "disable_password_authentication": false,
            "eviction_policy": "",
            "id": "/subscriptions/25d9b7a7-6e17-43d6-920d-1b42f69113ea/resourceGroups/adda-rg/providers/Microsoft.Compute/virtualMachines/linuxdb1",
            "identity": [],
            "location": "westeurope",
            "max_bid_price": -1,
            "name": "linuxdb1",
            "network_interface_ids": [
              "/subscriptions/25d9b7a7-6e17-43d6-920d-1b42f69113ea/resourceGroups/adda-rg/providers/Microsoft.Network/networkInterfaces/dbnic1"
            ],
            "os_disk": [
              {
                "caching": "ReadWrite",
                "diff_disk_settings": [],
                "disk_encryption_set_id": "",
                "disk_size_gb": 30,
                "name": "linuxdbosdisk1",
                "storage_account_type": "Standard_LRS",
                "write_accelerator_enabled": false
              }
            ],
            "plan": [],
            "priority": "Regular",
            "private_ip_address": "10.0.5.5",
            "private_ip_addresses": [
              "10.0.5.5"
            ],
            "provision_vm_agent": true,
            "proximity_placement_group_id": "",
            "public_ip_address": "",
            "public_ip_addresses": [],
            "resource_group_name": "adda-rg",
            "secret": [],
            "size": "Standard_B2ms",
            "source_image_id": "",
            "source_image_reference": [
              {
                "offer": "UbuntuServer",
                "publisher": "Canonical",
                "sku": "18.04-LTS",
                "version": "latest"
              }
            ],
            "tags": {
              "Environment": "ADDA Demo"
            },
            "timeouts": null,
            "virtual_machine_id": "761933f5-6d1f-40bb-baa7-93f1af07e31f",
            "virtual_machine_scale_set_id": "",
            "zone": ""
          },
          "private": "eyJlMmJmYjczMC1lY2FhLTExZTYtOGY4OC0zNDM2M2JjN2M0YzAiOnsiY3JlYXRlIjoyNzAwMDAwMDAwMDAwLCJkZWxldGUiOjI3MDAwMDAwMDAwMDAsInJlYWQiOjMwMDAwMDAwMDAwMCwidXBkYXRlIjoyNzAwMDAwMDAwMDAwfX0=",
          "dependencies": [
            "module.availset-db.azurerm_availability_set.availabilityset",
            "module.dbnic1.azurerm_network_interface.myterraformnic",
            "module.rg.azurerm_resource_group.myterraformgroup",
            "module.storage.azurerm_storage_account.mystorageaccount",
            "module.subnet-db.azurerm_subnet.myterraformsubnet",
            "module.vnet-spoke1.azurerm_virtual_network.myterraformnetwork"
          ]
        }
      ]
    },
    {
      "module": "module.linuxdb2",
      "mode": "managed",
      "type": "azurerm_linux_virtual_machine",
      "name": "myterraformvm",
      "provider": "provider.azurerm",
      "instances": [
        {
          "schema_version": 0,
          "attributes": {
            "additional_capabilities": [],
            "admin_password": "Password1234!",
            "admin_ssh_key": [],
            "admin_username": "testadmin",
            "allow_extension_operations": true,
            "availability_set_id": "/subscriptions/25d9b7a7-6e17-43d6-920d-1b42f69113ea/resourceGroups/adda-rg/providers/Microsoft.Compute/availabilitySets/AVAILSETDB",
            "boot_diagnostics": [
              {
                "storage_account_uri": "https://addastorage.blob.core.windows.net/"
              }
            ],
            "computer_name": "mysqldb2",
            "custom_data": null,
            "dedicated_host_id": "",
            "disable_password_authentication": false,
            "eviction_policy": "",
            "id": "/subscriptions/25d9b7a7-6e17-43d6-920d-1b42f69113ea/resourceGroups/adda-rg/providers/Microsoft.Compute/virtualMachines/linuxdb2",
            "identity": [],
            "location": "westeurope",
            "max_bid_price": -1,
            "name": "linuxdb2",
            "network_interface_ids": [
              "/subscriptions/25d9b7a7-6e17-43d6-920d-1b42f69113ea/resourceGroups/adda-rg/providers/Microsoft.Network/networkInterfaces/dbnic2"
            ],
            "os_disk": [
              {
                "caching": "ReadWrite",
                "diff_disk_settings": [],
                "disk_encryption_set_id": "",
                "disk_size_gb": 30,
                "name": "linuxdbosdisk2",
                "storage_account_type": "Standard_LRS",
                "write_accelerator_enabled": false
              }
            ],
            "plan": [],
            "priority": "Regular",
            "private_ip_address": "10.0.5.4",
            "private_ip_addresses": [
              "10.0.5.4"
            ],
            "provision_vm_agent": true,
            "proximity_placement_group_id": "",
            "public_ip_address": "",
            "public_ip_addresses": [],
            "resource_group_name": "adda-rg",
            "secret": [],
            "size": "Standard_B2ms",
            "source_image_id": "",
            "source_image_reference": [
              {
                "offer": "UbuntuServer",
                "publisher": "Canonical",
                "sku": "18.04-LTS",
                "version": "latest"
              }
            ],
            "tags": {
              "Environment": "ADDA Demo"
            },
            "timeouts": null,
            "virtual_machine_id": "5690c0c4-c7a0-4d62-9d1f-77369639cdc5",
            "virtual_machine_scale_set_id": "",
            "zone": ""
          },
          "private": "eyJlMmJmYjczMC1lY2FhLTExZTYtOGY4OC0zNDM2M2JjN2M0YzAiOnsiY3JlYXRlIjoyNzAwMDAwMDAwMDAwLCJkZWxldGUiOjI3MDAwMDAwMDAwMDAsInJlYWQiOjMwMDAwMDAwMDAwMCwidXBkYXRlIjoyNzAwMDAwMDAwMDAwfX0=",
          "dependencies": [
            "module.availset-db.azurerm_availability_set.availabilityset",
            "module.dbnic2.azurerm_network_interface.myterraformnic",
            "module.rg.azurerm_resource_group.myterraformgroup",
            "module.storage.azurerm_storage_account.mystorageaccount",
            "module.subnet-db.azurerm_subnet.myterraformsubnet",
            "module.vnet-spoke1.azurerm_virtual_network.myterraformnetwork"
          ]
        }
      ]
    },
    {
      "module": "module.linuxapp1",
      "mode": "managed",
      "type": "azurerm_linux_virtual_machine",
      "name": "myterraformvm",
      "provider": "provider.azurerm",
      "instances": [
        {
          "schema_version": 0,
          "attributes": {
            "additional_capabilities": [],
            "admin_password": "Password1234!",
            "admin_ssh_key": [],
            "admin_username": "testadmin",
            "allow_extension_operations": true,
            "availability_set_id": "/subscriptions/25d9b7a7-6e17-43d6-920d-1b42f69113ea/resourceGroups/adda-rg/providers/Microsoft.Compute/availabilitySets/AVAILSETAPP",
            "boot_diagnostics": [
              {
                "storage_account_uri": "https://addastorage.blob.core.windows.net/"
              }
            ],
            "computer_name": "phpapp1",
            "custom_data": null,
            "dedicated_host_id": "",
            "disable_password_authentication": false,
            "eviction_policy": "",
            "id": "/subscriptions/25d9b7a7-6e17-43d6-920d-1b42f69113ea/resourceGroups/adda-rg/providers/Microsoft.Compute/virtualMachines/linuxapp1",
            "identity": [],
            "location": "westeurope",
            "max_bid_price": -1,
            "name": "linuxapp1",
            "network_interface_ids": [
              "/subscriptions/25d9b7a7-6e17-43d6-920d-1b42f69113ea/resourceGroups/adda-rg/providers/Microsoft.Network/networkInterfaces/appnic1"
            ],
            "os_disk": [
              {
                "caching": "ReadWrite",
                "diff_disk_settings": [],
                "disk_encryption_set_id": "",
                "disk_size_gb": 30,
                "name": "linuxapposdisk1",
                "storage_account_type": "Standard_LRS",
                "write_accelerator_enabled": false
              }
            ],
            "plan": [],
            "priority": "Regular",
            "private_ip_address": "10.0.4.5",
            "private_ip_addresses": [
              "10.0.4.5"
            ],
            "provision_vm_agent": true,
            "proximity_placement_group_id": "",
            "public_ip_address": "",
            "public_ip_addresses": [],
            "resource_group_name": "adda-rg",
            "secret": [],
            "size": "Standard_B2ms",
            "source_image_id": "",
            "source_image_reference": [
              {
                "offer": "UbuntuServer",
                "publisher": "Canonical",
                "sku": "18.04-LTS",
                "version": "latest"
              }
            ],
            "tags": {
              "Environment": "ADDA Demo"
            },
            "timeouts": null,
            "virtual_machine_id": "e060f638-c907-44b2-8cc5-2df10314fce7",
            "virtual_machine_scale_set_id": "",
            "zone": ""
          },
          "private": "eyJlMmJmYjczMC1lY2FhLTExZTYtOGY4OC0zNDM2M2JjN2M0YzAiOnsiY3JlYXRlIjoyNzAwMDAwMDAwMDAwLCJkZWxldGUiOjI3MDAwMDAwMDAwMDAsInJlYWQiOjMwMDAwMDAwMDAwMCwidXBkYXRlIjoyNzAwMDAwMDAwMDAwfX0=",
          "dependencies": [
            "module.appnic1.azurerm_network_interface.myterraformnic",
            "module.availset-app.azurerm_availability_set.availabilityset",
            "module.rg.azurerm_resource_group.myterraformgroup",
            "module.storage.azurerm_storage_account.mystorageaccount",
            "module.subnet-app.azurerm_subnet.myterraformsubnet",
            "module.vnet-spoke1.azurerm_virtual_network.myterraformnetwork"
          ]
        }
      ]
    },
    {
      "module": "module.linuxapp2",
      "mode": "managed",
      "type": "azurerm_linux_virtual_machine",
      "name": "myterraformvm",
      "provider": "provider.azurerm",
      "instances": [
        {
          "schema_version": 0,
          "attributes": {
            "additional_capabilities": [],
            "admin_password": "Password1234!",
            "admin_ssh_key": [],
            "admin_username": "testadmin",
            "allow_extension_operations": true,
            "availability_set_id": "/subscriptions/25d9b7a7-6e17-43d6-920d-1b42f69113ea/resourceGroups/adda-rg/providers/Microsoft.Compute/availabilitySets/AVAILSETAPP",
            "boot_diagnostics": [
              {
                "storage_account_uri": "https://addastorage.blob.core.windows.net/"
              }
            ],
            "computer_name": "phpapp2",
            "custom_data": null,
            "dedicated_host_id": "",
            "disable_password_authentication": false,
            "eviction_policy": "",
            "id": "/subscriptions/25d9b7a7-6e17-43d6-920d-1b42f69113ea/resourceGroups/adda-rg/providers/Microsoft.Compute/virtualMachines/linuxapp2",
            "identity": [],
            "location": "westeurope",
            "max_bid_price": -1,
            "name": "linuxapp2",
            "network_interface_ids": [
              "/subscriptions/25d9b7a7-6e17-43d6-920d-1b42f69113ea/resourceGroups/adda-rg/providers/Microsoft.Network/networkInterfaces/appnic2"
            ],
            "os_disk": [
              {
                "caching": "ReadWrite",
                "diff_disk_settings": [],
                "disk_encryption_set_id": "",
                "disk_size_gb": 30,
                "name": "linuxapposdisk2",
                "storage_account_type": "Standard_LRS",
                "write_accelerator_enabled": false
              }
            ],
            "plan": [],
            "priority": "Regular",
            "private_ip_address": "10.0.4.4",
            "private_ip_addresses": [
              "10.0.4.4"
            ],
            "provision_vm_agent": true,
            "proximity_placement_group_id": "",
            "public_ip_address": "",
            "public_ip_addresses": [],
            "resource_group_name": "adda-rg",
            "secret": [],
            "size": "Standard_B2ms",
            "source_image_id": "",
            "source_image_reference": [
              {
                "offer": "UbuntuServer",
                "publisher": "Canonical",
                "sku": "18.04-LTS",
                "version": "latest"
              }
            ],
            "tags": {
              "Environment": "ADDA Demo"
            },
            "timeouts": null,
            "virtual_machine_id": "7ce59f9e-64f0-4fdc-b7b6-a781d4304e24",
            "virtual_machine_scale_set_id": "",
            "zone": ""
          },
          "private": "eyJlMmJmYjczMC1lY2FhLTExZTYtOGY4OC0zNDM2M2JjN2M0YzAiOnsiY3JlYXRlIjoyNzAwMDAwMDAwMDAwLCJkZWxldGUiOjI3MDAwMDAwMDAwMDAsInJlYWQiOjMwMDAwMDAwMDAwMCwidXBkYXRlIjoyNzAwMDAwMDAwMDAwfX0=",
          "dependencies": [
            "module.appnic2.azurerm_network_interface.myterraformnic",
            "module.availset-app.azurerm_availability_set.availabilityset",
            "module.rg.azurerm_resource_group.myterraformgroup",
            "module.storage.azurerm_storage_account.mystorageaccount",
            "module.subnet-app.azurerm_subnet.myterraformsubnet",
            "module.vnet-spoke1.azurerm_virtual_network.myterraformnetwork"
          ]
        }
      ]
    },
    {
      "module": "module.linuxfe2",
      "mode": "managed",
      "type": "azurerm_linux_virtual_machine",
      "name": "myterraformvm",
      "provider": "provider.azurerm",
      "instances": [
        {
          "schema_version": 0,
          "attributes": {
            "additional_capabilities": [],
            "admin_password": "Password1234!",
            "admin_ssh_key": [],
            "admin_username": "testadmin",
            "allow_extension_operations": true,
            "availability_set_id": "/subscriptions/25d9b7a7-6e17-43d6-920d-1b42f69113ea/resourceGroups/adda-rg/providers/Microsoft.Compute/availabilitySets/AVAILSETFE",
            "boot_diagnostics": [
              {
                "storage_account_uri": "https://addastorage.blob.core.windows.net/"
              }
            ],
            "computer_name": "apachefe2",
            "custom_data": null,
            "dedicated_host_id": "",
            "disable_password_authentication": false,
            "eviction_policy": "",
            "id": "/subscriptions/25d9b7a7-6e17-43d6-920d-1b42f69113ea/resourceGroups/adda-rg/providers/Microsoft.Compute/virtualMachines/linuxfe2",
            "identity": [],
            "location": "westeurope",
            "max_bid_price": -1,
            "name": "linuxfe2",
            "network_interface_ids": [
              "/subscriptions/25d9b7a7-6e17-43d6-920d-1b42f69113ea/resourceGroups/adda-rg/providers/Microsoft.Network/networkInterfaces/fenic2"
            ],
            "os_disk": [
              {
                "caching": "ReadWrite",
                "diff_disk_settings": [],
                "disk_encryption_set_id": "",
                "disk_size_gb": 30,
                "name": "linuxfeosdisk2",
                "storage_account_type": "Standard_LRS",
                "write_accelerator_enabled": false
              }
            ],
            "plan": [],
            "priority": "Regular",
            "private_ip_address": "10.0.3.5",
            "private_ip_addresses": [
              "10.0.3.5"
            ],
            "provision_vm_agent": true,
            "proximity_placement_group_id": "",
            "public_ip_address": "",
            "public_ip_addresses": [],
            "resource_group_name": "adda-rg",
            "secret": [],
            "size": "Standard_B2ms",
            "source_image_id": "",
            "source_image_reference": [
              {
                "offer": "UbuntuServer",
                "publisher": "Canonical",
                "sku": "18.04-LTS",
                "version": "latest"
              }
            ],
            "tags": {
              "Environment": "ADDA Demo"
            },
            "timeouts": null,
            "virtual_machine_id": "073beed8-ba1c-428c-a433-744cd4ccc0ba",
            "virtual_machine_scale_set_id": "",
            "zone": ""
          },
          "private": "eyJlMmJmYjczMC1lY2FhLTExZTYtOGY4OC0zNDM2M2JjN2M0YzAiOnsiY3JlYXRlIjoyNzAwMDAwMDAwMDAwLCJkZWxldGUiOjI3MDAwMDAwMDAwMDAsInJlYWQiOjMwMDAwMDAwMDAwMCwidXBkYXRlIjoyNzAwMDAwMDAwMDAwfX0=",
          "dependencies": [
            "module.availset-fe.azurerm_availability_set.availabilityset",
            "module.fenic2.azurerm_network_interface.myterraformnic",
            "module.rg.azurerm_resource_group.myterraformgroup",
            "module.storage.azurerm_storage_account.mystorageaccount",
            "module.subnet-fe.azurerm_subnet.myterraformsubnet",
            "module.vnet-spoke1.azurerm_virtual_network.myterraformnetwork"
          ]
        }
      ]
    },
    {
      "module": "module.linuxfe1",
      "mode": "managed",
      "type": "azurerm_linux_virtual_machine",
      "name": "myterraformvm",
      "provider": "provider.azurerm",
      "instances": [
        {
          "schema_version": 0,
          "attributes": {
            "additional_capabilities": [],
            "admin_password": "Password1234!",
            "admin_ssh_key": [],
            "admin_username": "testadmin",
            "allow_extension_operations": true,
            "availability_set_id": "/subscriptions/25d9b7a7-6e17-43d6-920d-1b42f69113ea/resourceGroups/adda-rg/providers/Microsoft.Compute/availabilitySets/AVAILSETFE",
            "boot_diagnostics": [
              {
                "storage_account_uri": "https://addastorage.blob.core.windows.net/"
              }
            ],
            "computer_name": "apachefe1",
            "custom_data": null,
            "dedicated_host_id": "",
            "disable_password_authentication": false,
            "eviction_policy": "",
            "id": "/subscriptions/25d9b7a7-6e17-43d6-920d-1b42f69113ea/resourceGroups/adda-rg/providers/Microsoft.Compute/virtualMachines/linuxfe1",
            "identity": [],
            "location": "westeurope",
            "max_bid_price": -1,
            "name": "linuxfe1",
            "network_interface_ids": [
              "/subscriptions/25d9b7a7-6e17-43d6-920d-1b42f69113ea/resourceGroups/adda-rg/providers/Microsoft.Network/networkInterfaces/fenic1"
            ],
            "os_disk": [
              {
                "caching": "ReadWrite",
                "diff_disk_settings": [],
                "disk_encryption_set_id": "",
                "disk_size_gb": 30,
                "name": "linuxfeosdisk1",
                "storage_account_type": "Standard_LRS",
                "write_accelerator_enabled": false
              }
            ],
            "plan": [],
            "priority": "Regular",
            "private_ip_address": "10.0.3.4",
            "private_ip_addresses": [
              "10.0.3.4"
            ],
            "provision_vm_agent": true,
            "proximity_placement_group_id": "",
            "public_ip_address": "",
            "public_ip_addresses": [],
            "resource_group_name": "adda-rg",
            "secret": [],
            "size": "Standard_B2ms",
            "source_image_id": "",
            "source_image_reference": [
              {
                "offer": "UbuntuServer",
                "publisher": "Canonical",
                "sku": "18.04-LTS",
                "version": "latest"
              }
            ],
            "tags": {
              "Environment": "ADDA Demo"
            },
            "timeouts": null,
            "virtual_machine_id": "f5c0c9d8-4260-446a-a120-adb3f3ec7f7c",
            "virtual_machine_scale_set_id": "",
            "zone": ""
          },
          "private": "eyJlMmJmYjczMC1lY2FhLTExZTYtOGY4OC0zNDM2M2JjN2M0YzAiOnsiY3JlYXRlIjoyNzAwMDAwMDAwMDAwLCJkZWxldGUiOjI3MDAwMDAwMDAwMDAsInJlYWQiOjMwMDAwMDAwMDAwMCwidXBkYXRlIjoyNzAwMDAwMDAwMDAwfX0=",
          "dependencies": [
            "module.availset-fe.azurerm_availability_set.availabilityset",
            "module.fenic1.azurerm_network_interface.myterraformnic",
            "module.rg.azurerm_resource_group.myterraformgroup",
            "module.storage.azurerm_storage_account.mystorageaccount",
            "module.subnet-fe.azurerm_subnet.myterraformsubnet",
            "module.vnet-spoke1.azurerm_virtual_network.myterraformnetwork"
          ]
        }
      ]
    },
    {
      "module": "module.appnic2",
      "mode": "managed",
      "type": "azurerm_network_interface",
      "name": "myterraformnic",
      "provider": "provider.azurerm",
      "instances": [
        {
          "schema_version": 0,
          "attributes": {
            "applied_dns_servers": [],
            "dns_servers": [],
            "enable_accelerated_networking": false,
            "enable_ip_forwarding": false,
            "id": "/subscriptions/25d9b7a7-6e17-43d6-920d-1b42f69113ea/resourceGroups/adda-rg/providers/Microsoft.Network/networkInterfaces/appnic2",
            "internal_dns_name_label": "",
            "internal_domain_name_suffix": "0yq0p45avigehi1x10nh5swbtf.ax.internal.cloudapp.net",
            "ip_configuration": [
              {
                "name": "linux-appnic2",
                "primary": true,
                "private_ip_address": "10.0.4.4",
                "private_ip_address_allocation": "Dynamic",
                "private_ip_address_version": "IPv4",
                "public_ip_address_id": "",
                "subnet_id": "/subscriptions/25d9b7a7-6e17-43d6-920d-1b42f69113ea/resourceGroups/adda-rg/providers/Microsoft.Network/virtualNetworks/adda-vnet/subnets/subnetapp"
              }
            ],
            "location": "westeurope",
            "mac_address": "",
            "name": "appnic2",
            "private_ip_address": "10.0.4.4",
            "private_ip_addresses": [
              "10.0.4.4"
            ],
            "resource_group_name": "adda-rg",
            "tags": {
              "Environment": "ADDA Demo"
            },
            "timeouts": null,
            "virtual_machine_id": ""
          },
          "private": "eyJlMmJmYjczMC1lY2FhLTExZTYtOGY4OC0zNDM2M2JjN2M0YzAiOnsiY3JlYXRlIjoxODAwMDAwMDAwMDAwLCJkZWxldGUiOjE4MDAwMDAwMDAwMDAsInJlYWQiOjMwMDAwMDAwMDAwMCwidXBkYXRlIjoxODAwMDAwMDAwMDAwfX0=",
          "dependencies": [
            "module.rg.azurerm_resource_group.myterraformgroup",
            "module.subnet-app.azurerm_subnet.myterraformsubnet",
            "module.vnet-spoke1.azurerm_virtual_network.myterraformnetwork"
          ]
        }
      ]
    },
    {
      "module": "module.appnic1",
      "mode": "managed",
      "type": "azurerm_network_interface",
      "name": "myterraformnic",
      "provider": "provider.azurerm",
      "instances": [
        {
          "schema_version": 0,
          "attributes": {
            "applied_dns_servers": [],
            "dns_servers": [],
            "enable_accelerated_networking": false,
            "enable_ip_forwarding": false,
            "id": "/subscriptions/25d9b7a7-6e17-43d6-920d-1b42f69113ea/resourceGroups/adda-rg/providers/Microsoft.Network/networkInterfaces/appnic1",
            "internal_dns_name_label": "",
            "internal_domain_name_suffix": "0yq0p45avigehi1x10nh5swbtf.ax.internal.cloudapp.net",
            "ip_configuration": [
              {
                "name": "linux-appnic1",
                "primary": true,
                "private_ip_address": "10.0.4.5",
                "private_ip_address_allocation": "Dynamic",
                "private_ip_address_version": "IPv4",
                "public_ip_address_id": "",
                "subnet_id": "/subscriptions/25d9b7a7-6e17-43d6-920d-1b42f69113ea/resourceGroups/adda-rg/providers/Microsoft.Network/virtualNetworks/adda-vnet/subnets/subnetapp"
              }
            ],
            "location": "westeurope",
            "mac_address": "",
            "name": "appnic1",
            "private_ip_address": "10.0.4.5",
            "private_ip_addresses": [
              "10.0.4.5"
            ],
            "resource_group_name": "adda-rg",
            "tags": {
              "Environment": "ADDA Demo"
            },
            "timeouts": null,
            "virtual_machine_id": ""
          },
          "private": "eyJlMmJmYjczMC1lY2FhLTExZTYtOGY4OC0zNDM2M2JjN2M0YzAiOnsiY3JlYXRlIjoxODAwMDAwMDAwMDAwLCJkZWxldGUiOjE4MDAwMDAwMDAwMDAsInJlYWQiOjMwMDAwMDAwMDAwMCwidXBkYXRlIjoxODAwMDAwMDAwMDAwfX0=",
          "dependencies": [
            "module.rg.azurerm_resource_group.myterraformgroup",
            "module.subnet-app.azurerm_subnet.myterraformsubnet",
            "module.vnet-spoke1.azurerm_virtual_network.myterraformnetwork"
          ]
        }
      ]
    },
    {
      "module": "module.adnic1",
      "mode": "managed",
      "type": "azurerm_network_interface",
      "name": "myterraformnic",
      "provider": "provider.azurerm",
      "instances": [
        {
          "schema_version": 0,
          "attributes": {
            "applied_dns_servers": [],
            "dns_servers": [],
            "enable_accelerated_networking": false,
            "enable_ip_forwarding": false,
            "id": "/subscriptions/25d9b7a7-6e17-43d6-920d-1b42f69113ea/resourceGroups/adda-rg/providers/Microsoft.Network/networkInterfaces/adnic1",
            "internal_dns_name_label": "",
            "internal_domain_name_suffix": "0yq0p45avigehi1x10nh5swbtf.ax.internal.cloudapp.net",
            "ip_configuration": [
              {
                "name": "ad-nic1",
                "primary": true,
                "private_ip_address": "10.0.2.4",
                "private_ip_address_allocation": "Dynamic",
                "private_ip_address_version": "IPv4",
                "public_ip_address_id": "",
                "subnet_id": "/subscriptions/25d9b7a7-6e17-43d6-920d-1b42f69113ea/resourceGroups/adda-rg/providers/Microsoft.Network/virtualNetworks/adda-vnet/subnets/subnet-mgmt"
              }
            ],
            "location": "westeurope",
            "mac_address": "",
            "name": "adnic1",
            "private_ip_address": "10.0.2.4",
            "private_ip_addresses": [
              "10.0.2.4"
            ],
            "resource_group_name": "adda-rg",
            "tags": {
              "Environment": "ADDA Demo"
            },
            "timeouts": null,
            "virtual_machine_id": ""
          },
          "private": "eyJlMmJmYjczMC1lY2FhLTExZTYtOGY4OC0zNDM2M2JjN2M0YzAiOnsiY3JlYXRlIjoxODAwMDAwMDAwMDAwLCJkZWxldGUiOjE4MDAwMDAwMDAwMDAsInJlYWQiOjMwMDAwMDAwMDAwMCwidXBkYXRlIjoxODAwMDAwMDAwMDAwfX0=",
          "dependencies": [
            "module.rg.azurerm_resource_group.myterraformgroup",
            "module.subnet-mgmt.azurerm_subnet.myterraformsubnet",
            "module.vnet-spoke1.azurerm_virtual_network.myterraformnetwork"
          ]
        }
      ]
    },
    {
      "module": "module.dbnic1",
      "mode": "managed",
      "type": "azurerm_network_interface",
      "name": "myterraformnic",
      "provider": "provider.azurerm",
      "instances": [
        {
          "schema_version": 0,
          "attributes": {
            "applied_dns_servers": [],
            "dns_servers": [],
            "enable_accelerated_networking": false,
            "enable_ip_forwarding": false,
            "id": "/subscriptions/25d9b7a7-6e17-43d6-920d-1b42f69113ea/resourceGroups/adda-rg/providers/Microsoft.Network/networkInterfaces/dbnic1",
            "internal_dns_name_label": "",
            "internal_domain_name_suffix": "0yq0p45avigehi1x10nh5swbtf.ax.internal.cloudapp.net",
            "ip_configuration": [
              {
                "name": "linux-dbnic1",
                "primary": true,
                "private_ip_address": "10.0.5.5",
                "private_ip_address_allocation": "Dynamic",
                "private_ip_address_version": "IPv4",
                "public_ip_address_id": "",
                "subnet_id": "/subscriptions/25d9b7a7-6e17-43d6-920d-1b42f69113ea/resourceGroups/adda-rg/providers/Microsoft.Network/virtualNetworks/adda-vnet/subnets/subnetdb"
              }
            ],
            "location": "westeurope",
            "mac_address": "",
            "name": "dbnic1",
            "private_ip_address": "10.0.5.5",
            "private_ip_addresses": [
              "10.0.5.5"
            ],
            "resource_group_name": "adda-rg",
            "tags": {
              "Environment": "ADDA Demo"
            },
            "timeouts": null,
            "virtual_machine_id": ""
          },
          "private": "eyJlMmJmYjczMC1lY2FhLTExZTYtOGY4OC0zNDM2M2JjN2M0YzAiOnsiY3JlYXRlIjoxODAwMDAwMDAwMDAwLCJkZWxldGUiOjE4MDAwMDAwMDAwMDAsInJlYWQiOjMwMDAwMDAwMDAwMCwidXBkYXRlIjoxODAwMDAwMDAwMDAwfX0=",
          "dependencies": [
            "module.rg.azurerm_resource_group.myterraformgroup",
            "module.subnet-db.azurerm_subnet.myterraformsubnet",
            "module.vnet-spoke1.azurerm_virtual_network.myterraformnetwork"
          ]
        }
      ]
    },
    {
      "module": "module.fenic2",
      "mode": "managed",
      "type": "azurerm_network_interface",
      "name": "myterraformnic",
      "provider": "provider.azurerm",
      "instances": [
        {
          "schema_version": 0,
          "attributes": {
            "applied_dns_servers": [],
            "dns_servers": [],
            "enable_accelerated_networking": false,
            "enable_ip_forwarding": false,
            "id": "/subscriptions/25d9b7a7-6e17-43d6-920d-1b42f69113ea/resourceGroups/adda-rg/providers/Microsoft.Network/networkInterfaces/fenic2",
            "internal_dns_name_label": "",
            "internal_domain_name_suffix": "0yq0p45avigehi1x10nh5swbtf.ax.internal.cloudapp.net",
            "ip_configuration": [
              {
                "name": "linux-fenic2",
                "primary": true,
                "private_ip_address": "10.0.3.5",
                "private_ip_address_allocation": "Dynamic",
                "private_ip_address_version": "IPv4",
                "public_ip_address_id": "",
                "subnet_id": "/subscriptions/25d9b7a7-6e17-43d6-920d-1b42f69113ea/resourceGroups/adda-rg/providers/Microsoft.Network/virtualNetworks/adda-vnet/subnets/subnetfe"
              }
            ],
            "location": "westeurope",
            "mac_address": "",
            "name": "fenic2",
            "private_ip_address": "10.0.3.5",
            "private_ip_addresses": [
              "10.0.3.5"
            ],
            "resource_group_name": "adda-rg",
            "tags": {
              "Environment": "ADDA Demo"
            },
            "timeouts": null,
            "virtual_machine_id": ""
          },
          "private": "eyJlMmJmYjczMC1lY2FhLTExZTYtOGY4OC0zNDM2M2JjN2M0YzAiOnsiY3JlYXRlIjoxODAwMDAwMDAwMDAwLCJkZWxldGUiOjE4MDAwMDAwMDAwMDAsInJlYWQiOjMwMDAwMDAwMDAwMCwidXBkYXRlIjoxODAwMDAwMDAwMDAwfX0=",
          "dependencies": [
            "module.rg.azurerm_resource_group.myterraformgroup",
            "module.subnet-fe.azurerm_subnet.myterraformsubnet",
            "module.vnet-spoke1.azurerm_virtual_network.myterraformnetwork"
          ]
        }
      ]
    },
    {
      "module": "module.fenic1",
      "mode": "managed",
      "type": "azurerm_network_interface",
      "name": "myterraformnic",
      "provider": "provider.azurerm",
      "instances": [
        {
          "schema_version": 0,
          "attributes": {
            "applied_dns_servers": [],
            "dns_servers": [],
            "enable_accelerated_networking": false,
            "enable_ip_forwarding": false,
            "id": "/subscriptions/25d9b7a7-6e17-43d6-920d-1b42f69113ea/resourceGroups/adda-rg/providers/Microsoft.Network/networkInterfaces/fenic1",
            "internal_dns_name_label": "",
            "internal_domain_name_suffix": "0yq0p45avigehi1x10nh5swbtf.ax.internal.cloudapp.net",
            "ip_configuration": [
              {
                "name": "linux-fenic1",
                "primary": true,
                "private_ip_address": "10.0.3.4",
                "private_ip_address_allocation": "Dynamic",
                "private_ip_address_version": "IPv4",
                "public_ip_address_id": "",
                "subnet_id": "/subscriptions/25d9b7a7-6e17-43d6-920d-1b42f69113ea/resourceGroups/adda-rg/providers/Microsoft.Network/virtualNetworks/adda-vnet/subnets/subnetfe"
              }
            ],
            "location": "westeurope",
            "mac_address": "",
            "name": "fenic1",
            "private_ip_address": "10.0.3.4",
            "private_ip_addresses": [
              "10.0.3.4"
            ],
            "resource_group_name": "adda-rg",
            "tags": {
              "Environment": "ADDA Demo"
            },
            "timeouts": null,
            "virtual_machine_id": ""
          },
          "private": "eyJlMmJmYjczMC1lY2FhLTExZTYtOGY4OC0zNDM2M2JjN2M0YzAiOnsiY3JlYXRlIjoxODAwMDAwMDAwMDAwLCJkZWxldGUiOjE4MDAwMDAwMDAwMDAsInJlYWQiOjMwMDAwMDAwMDAwMCwidXBkYXRlIjoxODAwMDAwMDAwMDAwfX0=",
          "dependencies": [
            "module.rg.azurerm_resource_group.myterraformgroup",
            "module.subnet-fe.azurerm_subnet.myterraformsubnet",
            "module.vnet-spoke1.azurerm_virtual_network.myterraformnetwork"
          ]
        }
      ]
    },
    {
      "module": "module.dbnic2",
      "mode": "managed",
      "type": "azurerm_network_interface",
      "name": "myterraformnic",
      "provider": "provider.azurerm",
      "instances": [
        {
          "schema_version": 0,
          "attributes": {
            "applied_dns_servers": [],
            "dns_servers": [],
            "enable_accelerated_networking": false,
            "enable_ip_forwarding": false,
            "id": "/subscriptions/25d9b7a7-6e17-43d6-920d-1b42f69113ea/resourceGroups/adda-rg/providers/Microsoft.Network/networkInterfaces/dbnic2",
            "internal_dns_name_label": "",
            "internal_domain_name_suffix": "0yq0p45avigehi1x10nh5swbtf.ax.internal.cloudapp.net",
            "ip_configuration": [
              {
                "name": "linux-dbnic2",
                "primary": true,
                "private_ip_address": "10.0.5.4",
                "private_ip_address_allocation": "Dynamic",
                "private_ip_address_version": "IPv4",
                "public_ip_address_id": "",
                "subnet_id": "/subscriptions/25d9b7a7-6e17-43d6-920d-1b42f69113ea/resourceGroups/adda-rg/providers/Microsoft.Network/virtualNetworks/adda-vnet/subnets/subnetdb"
              }
            ],
            "location": "westeurope",
            "mac_address": "",
            "name": "dbnic2",
            "private_ip_address": "10.0.5.4",
            "private_ip_addresses": [
              "10.0.5.4"
            ],
            "resource_group_name": "adda-rg",
            "tags": {
              "Environment": "ADDA Demo"
            },
            "timeouts": null,
            "virtual_machine_id": ""
          },
          "private": "eyJlMmJmYjczMC1lY2FhLTExZTYtOGY4OC0zNDM2M2JjN2M0YzAiOnsiY3JlYXRlIjoxODAwMDAwMDAwMDAwLCJkZWxldGUiOjE4MDAwMDAwMDAwMDAsInJlYWQiOjMwMDAwMDAwMDAwMCwidXBkYXRlIjoxODAwMDAwMDAwMDAwfX0=",
          "dependencies": [
            "module.rg.azurerm_resource_group.myterraformgroup",
            "module.subnet-db.azurerm_subnet.myterraformsubnet",
            "module.vnet-spoke1.azurerm_virtual_network.myterraformnetwork"
          ]
        }
      ]
    },
    {
      "module": "module.fenic2",
      "mode": "managed",
      "type": "azurerm_network_interface_application_gateway_backend_address_pool_association",
      "name": "example",
      "provider": "provider.azurerm",
      "instances": [
        {
          "schema_version": 0,
          "attributes": {
            "backend_address_pool_id": "/subscriptions/25d9b7a7-6e17-43d6-920d-1b42f69113ea/resourceGroups/adda-rg/providers/Microsoft.Network/applicationGateways/appgatewayadda/backendAddressPools/gwbepool",
            "id": "/subscriptions/25d9b7a7-6e17-43d6-920d-1b42f69113ea/resourceGroups/adda-rg/providers/Microsoft.Network/networkInterfaces/fenic2/ipConfigurations/linux-fenic2|/subscriptions/25d9b7a7-6e17-43d6-920d-1b42f69113ea/resourceGroups/adda-rg/providers/Microsoft.Network/applicationGateways/appgatewayadda/backendAddressPools/gwbepool",
            "ip_configuration_name": "linux-fenic2",
            "network_interface_id": "/subscriptions/25d9b7a7-6e17-43d6-920d-1b42f69113ea/resourceGroups/adda-rg/providers/Microsoft.Network/networkInterfaces/fenic2",
            "timeouts": null
          },
          "private": "eyJlMmJmYjczMC1lY2FhLTExZTYtOGY4OC0zNDM2M2JjN2M0YzAiOnsiY3JlYXRlIjoxODAwMDAwMDAwMDAwLCJkZWxldGUiOjE4MDAwMDAwMDAwMDAsInJlYWQiOjMwMDAwMDAwMDAwMCwidXBkYXRlIjoxODAwMDAwMDAwMDAwfX0=",
          "dependencies": [
            "module.app-gw.azurerm_application_gateway.network",
            "module.fenic2.azurerm_network_interface.myterraformnic",
            "module.lbpip.azurerm_public_ip.myterraformpublicip",
            "module.rg.azurerm_resource_group.myterraformgroup",
            "module.subnet-appgw.azurerm_subnet.myterraformsubnet",
            "module.subnet-fe.azurerm_subnet.myterraformsubnet",
            "module.vnet-spoke1.azurerm_virtual_network.myterraformnetwork"
          ]
        }
      ]
    },
    {
      "module": "module.fenic1",
      "mode": "managed",
      "type": "azurerm_network_interface_application_gateway_backend_address_pool_association",
      "name": "example",
      "provider": "provider.azurerm",
      "instances": [
        {
          "schema_version": 0,
          "attributes": {
            "backend_address_pool_id": "/subscriptions/25d9b7a7-6e17-43d6-920d-1b42f69113ea/resourceGroups/adda-rg/providers/Microsoft.Network/applicationGateways/appgatewayadda/backendAddressPools/gwbepool",
            "id": "/subscriptions/25d9b7a7-6e17-43d6-920d-1b42f69113ea/resourceGroups/adda-rg/providers/Microsoft.Network/networkInterfaces/fenic1/ipConfigurations/linux-fenic1|/subscriptions/25d9b7a7-6e17-43d6-920d-1b42f69113ea/resourceGroups/adda-rg/providers/Microsoft.Network/applicationGateways/appgatewayadda/backendAddressPools/gwbepool",
            "ip_configuration_name": "linux-fenic1",
            "network_interface_id": "/subscriptions/25d9b7a7-6e17-43d6-920d-1b42f69113ea/resourceGroups/adda-rg/providers/Microsoft.Network/networkInterfaces/fenic1",
            "timeouts": null
          },
          "private": "eyJlMmJmYjczMC1lY2FhLTExZTYtOGY4OC0zNDM2M2JjN2M0YzAiOnsiY3JlYXRlIjoxODAwMDAwMDAwMDAwLCJkZWxldGUiOjE4MDAwMDAwMDAwMDAsInJlYWQiOjMwMDAwMDAwMDAwMCwidXBkYXRlIjoxODAwMDAwMDAwMDAwfX0=",
          "dependencies": [
            "module.app-gw.azurerm_application_gateway.network",
            "module.fenic1.azurerm_network_interface.myterraformnic",
            "module.lbpip.azurerm_public_ip.myterraformpublicip",
            "module.rg.azurerm_resource_group.myterraformgroup",
            "module.subnet-appgw.azurerm_subnet.myterraformsubnet",
            "module.subnet-fe.azurerm_subnet.myterraformsubnet",
            "module.vnet-spoke1.azurerm_virtual_network.myterraformnetwork"
          ]
        }
      ]
    },
    {
      "module": "module.appnic2",
      "mode": "managed",
      "type": "azurerm_network_interface_security_group_association",
      "name": "nsg_nic_association",
      "provider": "provider.azurerm",
      "instances": [
        {
          "schema_version": 0,
          "attributes": {
            "id": "/subscriptions/25d9b7a7-6e17-43d6-920d-1b42f69113ea/resourceGroups/adda-rg/providers/Microsoft.Network/networkInterfaces/appnic2|/subscriptions/25d9b7a7-6e17-43d6-920d-1b42f69113ea/resourceGroups/adda-rg/providers/Microsoft.Network/networkSecurityGroups/nsgapp",
            "network_interface_id": "/subscriptions/25d9b7a7-6e17-43d6-920d-1b42f69113ea/resourceGroups/adda-rg/providers/Microsoft.Network/networkInterfaces/appnic2",
            "network_security_group_id": "/subscriptions/25d9b7a7-6e17-43d6-920d-1b42f69113ea/resourceGroups/adda-rg/providers/Microsoft.Network/networkSecurityGroups/nsgapp",
            "timeouts": null
          },
          "private": "eyJlMmJmYjczMC1lY2FhLTExZTYtOGY4OC0zNDM2M2JjN2M0YzAiOnsiY3JlYXRlIjoxODAwMDAwMDAwMDAwLCJkZWxldGUiOjE4MDAwMDAwMDAwMDAsInJlYWQiOjMwMDAwMDAwMDAwMCwidXBkYXRlIjoxODAwMDAwMDAwMDAwfX0=",
          "dependencies": [
            "module.appnic2.azurerm_network_interface.myterraformnic",
            "module.nsgapp.azurerm_network_security_group.myterraformnsgssh",
            "module.rg.azurerm_resource_group.myterraformgroup",
            "module.subnet-app.azurerm_subnet.myterraformsubnet",
            "module.vnet-spoke1.azurerm_virtual_network.myterraformnetwork"
          ]
        }
      ]
    },
    {
      "module": "module.appnic1",
      "mode": "managed",
      "type": "azurerm_network_interface_security_group_association",
      "name": "nsg_nic_association",
      "provider": "provider.azurerm",
      "instances": [
        {
          "schema_version": 0,
          "attributes": {
            "id": "/subscriptions/25d9b7a7-6e17-43d6-920d-1b42f69113ea/resourceGroups/adda-rg/providers/Microsoft.Network/networkInterfaces/appnic1|/subscriptions/25d9b7a7-6e17-43d6-920d-1b42f69113ea/resourceGroups/adda-rg/providers/Microsoft.Network/networkSecurityGroups/nsgapp",
            "network_interface_id": "/subscriptions/25d9b7a7-6e17-43d6-920d-1b42f69113ea/resourceGroups/adda-rg/providers/Microsoft.Network/networkInterfaces/appnic1",
            "network_security_group_id": "/subscriptions/25d9b7a7-6e17-43d6-920d-1b42f69113ea/resourceGroups/adda-rg/providers/Microsoft.Network/networkSecurityGroups/nsgapp",
            "timeouts": null
          },
          "private": "eyJlMmJmYjczMC1lY2FhLTExZTYtOGY4OC0zNDM2M2JjN2M0YzAiOnsiY3JlYXRlIjoxODAwMDAwMDAwMDAwLCJkZWxldGUiOjE4MDAwMDAwMDAwMDAsInJlYWQiOjMwMDAwMDAwMDAwMCwidXBkYXRlIjoxODAwMDAwMDAwMDAwfX0=",
          "dependencies": [
            "module.appnic1.azurerm_network_interface.myterraformnic",
            "module.nsgapp.azurerm_network_security_group.myterraformnsgssh",
            "module.rg.azurerm_resource_group.myterraformgroup",
            "module.subnet-app.azurerm_subnet.myterraformsubnet",
            "module.vnet-spoke1.azurerm_virtual_network.myterraformnetwork"
          ]
        }
      ]
    },
    {
      "module": "module.adnic1",
      "mode": "managed",
      "type": "azurerm_network_interface_security_group_association",
      "name": "nsg_nic_association",
      "provider": "provider.azurerm",
      "instances": [
        {
          "schema_version": 0,
          "attributes": {
            "id": "/subscriptions/25d9b7a7-6e17-43d6-920d-1b42f69113ea/resourceGroups/adda-rg/providers/Microsoft.Network/networkInterfaces/adnic1|/subscriptions/25d9b7a7-6e17-43d6-920d-1b42f69113ea/resourceGroups/adda-rg/providers/Microsoft.Network/networkSecurityGroups/nsgmgmt",
            "network_interface_id": "/subscriptions/25d9b7a7-6e17-43d6-920d-1b42f69113ea/resourceGroups/adda-rg/providers/Microsoft.Network/networkInterfaces/adnic1",
            "network_security_group_id": "/subscriptions/25d9b7a7-6e17-43d6-920d-1b42f69113ea/resourceGroups/adda-rg/providers/Microsoft.Network/networkSecurityGroups/nsgmgmt",
            "timeouts": null
          },
          "private": "eyJlMmJmYjczMC1lY2FhLTExZTYtOGY4OC0zNDM2M2JjN2M0YzAiOnsiY3JlYXRlIjoxODAwMDAwMDAwMDAwLCJkZWxldGUiOjE4MDAwMDAwMDAwMDAsInJlYWQiOjMwMDAwMDAwMDAwMCwidXBkYXRlIjoxODAwMDAwMDAwMDAwfX0=",
          "dependencies": [
            "module.adnic1.azurerm_network_interface.myterraformnic",
            "module.nsgmgmt.azurerm_network_security_group.myterraformnsgssh",
            "module.rg.azurerm_resource_group.myterraformgroup",
            "module.subnet-mgmt.azurerm_subnet.myterraformsubnet",
            "module.vnet-spoke1.azurerm_virtual_network.myterraformnetwork"
          ]
        }
      ]
    },
    {
      "module": "module.dbnic1",
      "mode": "managed",
      "type": "azurerm_network_interface_security_group_association",
      "name": "nsg_nic_association",
      "provider": "provider.azurerm",
      "instances": [
        {
          "schema_version": 0,
          "attributes": {
            "id": "/subscriptions/25d9b7a7-6e17-43d6-920d-1b42f69113ea/resourceGroups/adda-rg/providers/Microsoft.Network/networkInterfaces/dbnic1|/subscriptions/25d9b7a7-6e17-43d6-920d-1b42f69113ea/resourceGroups/adda-rg/providers/Microsoft.Network/networkSecurityGroups/nsgdb",
            "network_interface_id": "/subscriptions/25d9b7a7-6e17-43d6-920d-1b42f69113ea/resourceGroups/adda-rg/providers/Microsoft.Network/networkInterfaces/dbnic1",
            "network_security_group_id": "/subscriptions/25d9b7a7-6e17-43d6-920d-1b42f69113ea/resourceGroups/adda-rg/providers/Microsoft.Network/networkSecurityGroups/nsgdb",
            "timeouts": null
          },
          "private": "eyJlMmJmYjczMC1lY2FhLTExZTYtOGY4OC0zNDM2M2JjN2M0YzAiOnsiY3JlYXRlIjoxODAwMDAwMDAwMDAwLCJkZWxldGUiOjE4MDAwMDAwMDAwMDAsInJlYWQiOjMwMDAwMDAwMDAwMCwidXBkYXRlIjoxODAwMDAwMDAwMDAwfX0=",
          "dependencies": [
            "module.dbnic1.azurerm_network_interface.myterraformnic",
            "module.nsgdb.azurerm_network_security_group.myterraformnsgssh",
            "module.rg.azurerm_resource_group.myterraformgroup",
            "module.subnet-db.azurerm_subnet.myterraformsubnet",
            "module.vnet-spoke1.azurerm_virtual_network.myterraformnetwork"
          ]
        }
      ]
    },
    {
      "module": "module.fenic2",
      "mode": "managed",
      "type": "azurerm_network_interface_security_group_association",
      "name": "nsg_nic_association",
      "provider": "provider.azurerm",
      "instances": [
        {
          "schema_version": 0,
          "attributes": {
            "id": "/subscriptions/25d9b7a7-6e17-43d6-920d-1b42f69113ea/resourceGroups/adda-rg/providers/Microsoft.Network/networkInterfaces/fenic2|/subscriptions/25d9b7a7-6e17-43d6-920d-1b42f69113ea/resourceGroups/adda-rg/providers/Microsoft.Network/networkSecurityGroups/nsgfe",
            "network_interface_id": "/subscriptions/25d9b7a7-6e17-43d6-920d-1b42f69113ea/resourceGroups/adda-rg/providers/Microsoft.Network/networkInterfaces/fenic2",
            "network_security_group_id": "/subscriptions/25d9b7a7-6e17-43d6-920d-1b42f69113ea/resourceGroups/adda-rg/providers/Microsoft.Network/networkSecurityGroups/nsgfe",
            "timeouts": null
          },
          "private": "eyJlMmJmYjczMC1lY2FhLTExZTYtOGY4OC0zNDM2M2JjN2M0YzAiOnsiY3JlYXRlIjoxODAwMDAwMDAwMDAwLCJkZWxldGUiOjE4MDAwMDAwMDAwMDAsInJlYWQiOjMwMDAwMDAwMDAwMCwidXBkYXRlIjoxODAwMDAwMDAwMDAwfX0=",
          "dependencies": [
            "module.fenic2.azurerm_network_interface.myterraformnic",
            "module.nsgfe.azurerm_network_security_group.myterraformnsgssh",
            "module.rg.azurerm_resource_group.myterraformgroup",
            "module.subnet-fe.azurerm_subnet.myterraformsubnet",
            "module.vnet-spoke1.azurerm_virtual_network.myterraformnetwork"
          ]
        }
      ]
    },
    {
      "module": "module.fenic1",
      "mode": "managed",
      "type": "azurerm_network_interface_security_group_association",
      "name": "nsg_nic_association",
      "provider": "provider.azurerm",
      "instances": [
        {
          "schema_version": 0,
          "attributes": {
            "id": "/subscriptions/25d9b7a7-6e17-43d6-920d-1b42f69113ea/resourceGroups/adda-rg/providers/Microsoft.Network/networkInterfaces/fenic1|/subscriptions/25d9b7a7-6e17-43d6-920d-1b42f69113ea/resourceGroups/adda-rg/providers/Microsoft.Network/networkSecurityGroups/nsgfe",
            "network_interface_id": "/subscriptions/25d9b7a7-6e17-43d6-920d-1b42f69113ea/resourceGroups/adda-rg/providers/Microsoft.Network/networkInterfaces/fenic1",
            "network_security_group_id": "/subscriptions/25d9b7a7-6e17-43d6-920d-1b42f69113ea/resourceGroups/adda-rg/providers/Microsoft.Network/networkSecurityGroups/nsgfe",
            "timeouts": null
          },
          "private": "eyJlMmJmYjczMC1lY2FhLTExZTYtOGY4OC0zNDM2M2JjN2M0YzAiOnsiY3JlYXRlIjoxODAwMDAwMDAwMDAwLCJkZWxldGUiOjE4MDAwMDAwMDAwMDAsInJlYWQiOjMwMDAwMDAwMDAwMCwidXBkYXRlIjoxODAwMDAwMDAwMDAwfX0=",
          "dependencies": [
            "module.fenic1.azurerm_network_interface.myterraformnic",
            "module.nsgfe.azurerm_network_security_group.myterraformnsgssh",
            "module.rg.azurerm_resource_group.myterraformgroup",
            "module.subnet-fe.azurerm_subnet.myterraformsubnet",
            "module.vnet-spoke1.azurerm_virtual_network.myterraformnetwork"
          ]
        }
      ]
    },
    {
      "module": "module.dbnic2",
      "mode": "managed",
      "type": "azurerm_network_interface_security_group_association",
      "name": "nsg_nic_association",
      "provider": "provider.azurerm",
      "instances": [
        {
          "schema_version": 0,
          "attributes": {
            "id": "/subscriptions/25d9b7a7-6e17-43d6-920d-1b42f69113ea/resourceGroups/adda-rg/providers/Microsoft.Network/networkInterfaces/dbnic2|/subscriptions/25d9b7a7-6e17-43d6-920d-1b42f69113ea/resourceGroups/adda-rg/providers/Microsoft.Network/networkSecurityGroups/nsgdb",
            "network_interface_id": "/subscriptions/25d9b7a7-6e17-43d6-920d-1b42f69113ea/resourceGroups/adda-rg/providers/Microsoft.Network/networkInterfaces/dbnic2",
            "network_security_group_id": "/subscriptions/25d9b7a7-6e17-43d6-920d-1b42f69113ea/resourceGroups/adda-rg/providers/Microsoft.Network/networkSecurityGroups/nsgdb",
            "timeouts": null
          },
          "private": "eyJlMmJmYjczMC1lY2FhLTExZTYtOGY4OC0zNDM2M2JjN2M0YzAiOnsiY3JlYXRlIjoxODAwMDAwMDAwMDAwLCJkZWxldGUiOjE4MDAwMDAwMDAwMDAsInJlYWQiOjMwMDAwMDAwMDAwMCwidXBkYXRlIjoxODAwMDAwMDAwMDAwfX0=",
          "dependencies": [
            "module.dbnic2.azurerm_network_interface.myterraformnic",
            "module.nsgdb.azurerm_network_security_group.myterraformnsgssh",
            "module.rg.azurerm_resource_group.myterraformgroup",
            "module.subnet-db.azurerm_subnet.myterraformsubnet",
            "module.vnet-spoke1.azurerm_virtual_network.myterraformnetwork"
          ]
        }
      ]
    },
    {
      "module": "module.nsgapp",
      "mode": "managed",
      "type": "azurerm_network_security_group",
      "name": "myterraformnsgssh",
      "provider": "provider.azurerm",
      "instances": [
        {
          "schema_version": 0,
          "attributes": {
            "id": "/subscriptions/25d9b7a7-6e17-43d6-920d-1b42f69113ea/resourceGroups/adda-rg/providers/Microsoft.Network/networkSecurityGroups/nsgapp",
            "location": "westeurope",
            "name": "nsgapp",
            "resource_group_name": "adda-rg",
            "security_rule": [
              {
                "access": "Allow",
                "description": "",
                "destination_address_prefix": "*",
                "destination_address_prefixes": [],
                "destination_application_security_group_ids": [],
                "destination_port_range": "22",
                "destination_port_ranges": [],
                "direction": "Inbound",
                "name": "SSH",
                "priority": 1001,
                "protocol": "Tcp",
                "source_address_prefix": "*",
                "source_address_prefixes": [],
                "source_application_security_group_ids": [],
                "source_port_range": "*",
                "source_port_ranges": []
              }
            ],
            "tags": {
              "Environment": "ADDA Demo"
            },
            "timeouts": null
          },
          "private": "eyJlMmJmYjczMC1lY2FhLTExZTYtOGY4OC0zNDM2M2JjN2M0YzAiOnsiY3JlYXRlIjoxODAwMDAwMDAwMDAwLCJkZWxldGUiOjE4MDAwMDAwMDAwMDAsInJlYWQiOjMwMDAwMDAwMDAwMCwidXBkYXRlIjoxODAwMDAwMDAwMDAwfX0=",
          "dependencies": [
            "module.rg.azurerm_resource_group.myterraformgroup"
          ]
        }
      ]
    },
    {
      "module": "module.nsgfe",
      "mode": "managed",
      "type": "azurerm_network_security_group",
      "name": "myterraformnsgssh",
      "provider": "provider.azurerm",
      "instances": [
        {
          "schema_version": 0,
          "attributes": {
            "id": "/subscriptions/25d9b7a7-6e17-43d6-920d-1b42f69113ea/resourceGroups/adda-rg/providers/Microsoft.Network/networkSecurityGroups/nsgfe",
            "location": "westeurope",
            "name": "nsgfe",
            "resource_group_name": "adda-rg",
            "security_rule": [
              {
                "access": "Allow",
                "description": "",
                "destination_address_prefix": "*",
                "destination_address_prefixes": [],
                "destination_application_security_group_ids": [],
                "destination_port_range": "22",
                "destination_port_ranges": [],
                "direction": "Inbound",
                "name": "SSH",
                "priority": 1001,
                "protocol": "Tcp",
                "source_address_prefix": "*",
                "source_address_prefixes": [],
                "source_application_security_group_ids": [],
                "source_port_range": "*",
                "source_port_ranges": []
              }
            ],
            "tags": {
              "Environment": "ADDA Demo"
            },
            "timeouts": null
          },
          "private": "eyJlMmJmYjczMC1lY2FhLTExZTYtOGY4OC0zNDM2M2JjN2M0YzAiOnsiY3JlYXRlIjoxODAwMDAwMDAwMDAwLCJkZWxldGUiOjE4MDAwMDAwMDAwMDAsInJlYWQiOjMwMDAwMDAwMDAwMCwidXBkYXRlIjoxODAwMDAwMDAwMDAwfX0=",
          "dependencies": [
            "module.rg.azurerm_resource_group.myterraformgroup"
          ]
        }
      ]
    },
    {
      "module": "module.nsgmgmt",
      "mode": "managed",
      "type": "azurerm_network_security_group",
      "name": "myterraformnsgssh",
      "provider": "provider.azurerm",
      "instances": [
        {
          "schema_version": 0,
          "attributes": {
            "id": "/subscriptions/25d9b7a7-6e17-43d6-920d-1b42f69113ea/resourceGroups/adda-rg/providers/Microsoft.Network/networkSecurityGroups/nsgmgmt",
            "location": "westeurope",
            "name": "nsgmgmt",
            "resource_group_name": "adda-rg",
            "security_rule": [
              {
                "access": "Allow",
                "description": "",
                "destination_address_prefix": "*",
                "destination_address_prefixes": [],
                "destination_application_security_group_ids": [],
                "destination_port_range": "22",
                "destination_port_ranges": [],
                "direction": "Inbound",
                "name": "SSH",
                "priority": 1001,
                "protocol": "Tcp",
                "source_address_prefix": "*",
                "source_address_prefixes": [],
                "source_application_security_group_ids": [],
                "source_port_range": "*",
                "source_port_ranges": []
              }
            ],
            "tags": {
              "Environment": "ADDA Demo"
            },
            "timeouts": null
          },
          "private": "eyJlMmJmYjczMC1lY2FhLTExZTYtOGY4OC0zNDM2M2JjN2M0YzAiOnsiY3JlYXRlIjoxODAwMDAwMDAwMDAwLCJkZWxldGUiOjE4MDAwMDAwMDAwMDAsInJlYWQiOjMwMDAwMDAwMDAwMCwidXBkYXRlIjoxODAwMDAwMDAwMDAwfX0=",
          "dependencies": [
            "module.rg.azurerm_resource_group.myterraformgroup"
          ]
        }
      ]
    },
    {
      "module": "module.nsgdb",
      "mode": "managed",
      "type": "azurerm_network_security_group",
      "name": "myterraformnsgssh",
      "provider": "provider.azurerm",
      "instances": [
        {
          "schema_version": 0,
          "attributes": {
            "id": "/subscriptions/25d9b7a7-6e17-43d6-920d-1b42f69113ea/resourceGroups/adda-rg/providers/Microsoft.Network/networkSecurityGroups/nsgdb",
            "location": "westeurope",
            "name": "nsgdb",
            "resource_group_name": "adda-rg",
            "security_rule": [
              {
                "access": "Allow",
                "description": "",
                "destination_address_prefix": "*",
                "destination_address_prefixes": [],
                "destination_application_security_group_ids": [],
                "destination_port_range": "22",
                "destination_port_ranges": [],
                "direction": "Inbound",
                "name": "SSH",
                "priority": 1001,
                "protocol": "Tcp",
                "source_address_prefix": "*",
                "source_address_prefixes": [],
                "source_application_security_group_ids": [],
                "source_port_range": "*",
                "source_port_ranges": []
              }
            ],
            "tags": {
              "Environment": "ADDA Demo"
            },
            "timeouts": null
          },
          "private": "eyJlMmJmYjczMC1lY2FhLTExZTYtOGY4OC0zNDM2M2JjN2M0YzAiOnsiY3JlYXRlIjoxODAwMDAwMDAwMDAwLCJkZWxldGUiOjE4MDAwMDAwMDAwMDAsInJlYWQiOjMwMDAwMDAwMDAwMCwidXBkYXRlIjoxODAwMDAwMDAwMDAwfX0=",
          "dependencies": [
            "module.rg.azurerm_resource_group.myterraformgroup"
          ]
        }
      ]
    },
    {
      "module": "module.lbpip3",
      "mode": "managed",
      "type": "azurerm_public_ip",
      "name": "myterraformpublicip",
      "provider": "provider.azurerm",
      "instances": [
        {
          "schema_version": 0,
          "attributes": {
            "allocation_method": "Dynamic",
            "domain_name_label": null,
            "fqdn": null,
            "id": "/subscriptions/25d9b7a7-6e17-43d6-920d-1b42f69113ea/resourceGroups/adda-rg/providers/Microsoft.Network/publicIPAddresses/Publicip4",
            "idle_timeout_in_minutes": 4,
            "ip_address": "",
            "ip_version": "IPv4",
            "location": "westeurope",
            "name": "Publicip4",
            "public_ip_prefix_id": null,
            "resource_group_name": "adda-rg",
            "reverse_fqdn": null,
            "sku": "Basic",
            "tags": {
              "Environment": "ADDA Demo"
            },
            "timeouts": null,
            "zones": null
          },
          "private": "eyJlMmJmYjczMC1lY2FhLTExZTYtOGY4OC0zNDM2M2JjN2M0YzAiOnsiY3JlYXRlIjoxODAwMDAwMDAwMDAwLCJkZWxldGUiOjE4MDAwMDAwMDAwMDAsInJlYWQiOjMwMDAwMDAwMDAwMCwidXBkYXRlIjoxODAwMDAwMDAwMDAwfX0=",
          "dependencies": [
            "module.rg.azurerm_resource_group.myterraformgroup"
          ]
        }
      ]
    },
    {
      "module": "module.lbpip1",
      "mode": "managed",
      "type": "azurerm_public_ip",
      "name": "myterraformpublicip",
      "provider": "provider.azurerm",
      "instances": [
        {
          "schema_version": 0,
          "attributes": {
            "allocation_method": "Dynamic",
            "domain_name_label": null,
            "fqdn": null,
            "id": "/subscriptions/25d9b7a7-6e17-43d6-920d-1b42f69113ea/resourceGroups/adda-rg/providers/Microsoft.Network/publicIPAddresses/Publicip2",
            "idle_timeout_in_minutes": 4,
            "ip_address": "",
            "ip_version": "IPv4",
            "location": "westeurope",
            "name": "Publicip2",
            "public_ip_prefix_id": null,
            "resource_group_name": "adda-rg",
            "reverse_fqdn": null,
            "sku": "Basic",
            "tags": {
              "Environment": "ADDA Demo"
            },
            "timeouts": null,
            "zones": null
          },
          "private": "eyJlMmJmYjczMC1lY2FhLTExZTYtOGY4OC0zNDM2M2JjN2M0YzAiOnsiY3JlYXRlIjoxODAwMDAwMDAwMDAwLCJkZWxldGUiOjE4MDAwMDAwMDAwMDAsInJlYWQiOjMwMDAwMDAwMDAwMCwidXBkYXRlIjoxODAwMDAwMDAwMDAwfX0=",
          "dependencies": [
            "module.rg.azurerm_resource_group.myterraformgroup"
          ]
        }
      ]
    },
    {
      "module": "module.lbpip6",
      "mode": "managed",
      "type": "azurerm_public_ip",
      "name": "myterraformpublicip",
      "provider": "provider.azurerm",
      "instances": [
        {
          "schema_version": 0,
          "attributes": {
            "allocation_method": "Dynamic",
            "domain_name_label": null,
            "fqdn": null,
            "id": "/subscriptions/25d9b7a7-6e17-43d6-920d-1b42f69113ea/resourceGroups/adda-rg/providers/Microsoft.Network/publicIPAddresses/Publicip7",
            "idle_timeout_in_minutes": 4,
            "ip_address": "",
            "ip_version": "IPv4",
            "location": "westeurope",
            "name": "Publicip7",
            "public_ip_prefix_id": null,
            "resource_group_name": "adda-rg",
            "reverse_fqdn": null,
            "sku": "Basic",
            "tags": {
              "Environment": "ADDA Demo"
            },
            "timeouts": null,
            "zones": null
          },
          "private": "eyJlMmJmYjczMC1lY2FhLTExZTYtOGY4OC0zNDM2M2JjN2M0YzAiOnsiY3JlYXRlIjoxODAwMDAwMDAwMDAwLCJkZWxldGUiOjE4MDAwMDAwMDAwMDAsInJlYWQiOjMwMDAwMDAwMDAwMCwidXBkYXRlIjoxODAwMDAwMDAwMDAwfX0=",
          "dependencies": [
            "module.rg.azurerm_resource_group.myterraformgroup"
          ]
        }
      ]
    },
    {
      "module": "module.lbpip4",
      "mode": "managed",
      "type": "azurerm_public_ip",
      "name": "myterraformpublicip",
      "provider": "provider.azurerm",
      "instances": [
        {
          "schema_version": 0,
          "attributes": {
            "allocation_method": "Dynamic",
            "domain_name_label": null,
            "fqdn": null,
            "id": "/subscriptions/25d9b7a7-6e17-43d6-920d-1b42f69113ea/resourceGroups/adda-rg/providers/Microsoft.Network/publicIPAddresses/Publicip5",
            "idle_timeout_in_minutes": 4,
            "ip_address": "",
            "ip_version": "IPv4",
            "location": "westeurope",
            "name": "Publicip5",
            "public_ip_prefix_id": null,
            "resource_group_name": "adda-rg",
            "reverse_fqdn": null,
            "sku": "Basic",
            "tags": {
              "Environment": "ADDA Demo"
            },
            "timeouts": null,
            "zones": null
          },
          "private": "eyJlMmJmYjczMC1lY2FhLTExZTYtOGY4OC0zNDM2M2JjN2M0YzAiOnsiY3JlYXRlIjoxODAwMDAwMDAwMDAwLCJkZWxldGUiOjE4MDAwMDAwMDAwMDAsInJlYWQiOjMwMDAwMDAwMDAwMCwidXBkYXRlIjoxODAwMDAwMDAwMDAwfX0=",
          "dependencies": [
            "module.rg.azurerm_resource_group.myterraformgroup"
          ]
        }
      ]
    },
    {
      "module": "module.lbpip5",
      "mode": "managed",
      "type": "azurerm_public_ip",
      "name": "myterraformpublicip",
      "provider": "provider.azurerm",
      "instances": [
        {
          "schema_version": 0,
          "attributes": {
            "allocation_method": "Dynamic",
            "domain_name_label": null,
            "fqdn": null,
            "id": "/subscriptions/25d9b7a7-6e17-43d6-920d-1b42f69113ea/resourceGroups/adda-rg/providers/Microsoft.Network/publicIPAddresses/Publicip6",
            "idle_timeout_in_minutes": 4,
            "ip_address": "",
            "ip_version": "IPv4",
            "location": "westeurope",
            "name": "Publicip6",
            "public_ip_prefix_id": null,
            "resource_group_name": "adda-rg",
            "reverse_fqdn": null,
            "sku": "Basic",
            "tags": {
              "Environment": "ADDA Demo"
            },
            "timeouts": null,
            "zones": null
          },
          "private": "eyJlMmJmYjczMC1lY2FhLTExZTYtOGY4OC0zNDM2M2JjN2M0YzAiOnsiY3JlYXRlIjoxODAwMDAwMDAwMDAwLCJkZWxldGUiOjE4MDAwMDAwMDAwMDAsInJlYWQiOjMwMDAwMDAwMDAwMCwidXBkYXRlIjoxODAwMDAwMDAwMDAwfX0=",
          "dependencies": [
            "module.rg.azurerm_resource_group.myterraformgroup"
          ]
        }
      ]
    },
    {
      "module": "module.lbpip",
      "mode": "managed",
      "type": "azurerm_public_ip",
      "name": "myterraformpublicip",
      "provider": "provider.azurerm",
      "instances": [
        {
          "schema_version": 0,
          "attributes": {
            "allocation_method": "Dynamic",
            "domain_name_label": null,
            "fqdn": null,
            "id": "/subscriptions/25d9b7a7-6e17-43d6-920d-1b42f69113ea/resourceGroups/adda-rg/providers/Microsoft.Network/publicIPAddresses/Publicip1",
            "idle_timeout_in_minutes": 4,
            "ip_address": "",
            "ip_version": "IPv4",
            "location": "westeurope",
            "name": "Publicip1",
            "public_ip_prefix_id": null,
            "resource_group_name": "adda-rg",
            "reverse_fqdn": null,
            "sku": "Basic",
            "tags": {
              "Environment": "ADDA Demo"
            },
            "timeouts": null,
            "zones": null
          },
          "private": "eyJlMmJmYjczMC1lY2FhLTExZTYtOGY4OC0zNDM2M2JjN2M0YzAiOnsiY3JlYXRlIjoxODAwMDAwMDAwMDAwLCJkZWxldGUiOjE4MDAwMDAwMDAwMDAsInJlYWQiOjMwMDAwMDAwMDAwMCwidXBkYXRlIjoxODAwMDAwMDAwMDAwfX0=",
          "dependencies": [
            "module.rg.azurerm_resource_group.myterraformgroup"
          ]
        }
      ]
    },
    {
      "module": "module.lbpip2",
      "mode": "managed",
      "type": "azurerm_public_ip",
      "name": "myterraformpublicip",
      "provider": "provider.azurerm",
      "instances": [
        {
          "schema_version": 0,
          "attributes": {
            "allocation_method": "Dynamic",
            "domain_name_label": null,
            "fqdn": null,
            "id": "/subscriptions/25d9b7a7-6e17-43d6-920d-1b42f69113ea/resourceGroups/adda-rg/providers/Microsoft.Network/publicIPAddresses/Publicip3",
            "idle_timeout_in_minutes": 4,
            "ip_address": "",
            "ip_version": "IPv4",
            "location": "westeurope",
            "name": "Publicip3",
            "public_ip_prefix_id": null,
            "resource_group_name": "adda-rg",
            "reverse_fqdn": null,
            "sku": "Basic",
            "tags": {
              "Environment": "ADDA Demo"
            },
            "timeouts": null,
            "zones": null
          },
          "private": "eyJlMmJmYjczMC1lY2FhLTExZTYtOGY4OC0zNDM2M2JjN2M0YzAiOnsiY3JlYXRlIjoxODAwMDAwMDAwMDAwLCJkZWxldGUiOjE4MDAwMDAwMDAwMDAsInJlYWQiOjMwMDAwMDAwMDAwMCwidXBkYXRlIjoxODAwMDAwMDAwMDAwfX0=",
          "dependencies": [
            "module.rg.azurerm_resource_group.myterraformgroup"
          ]
        }
      ]
    },
    {
      "module": "module.rg",
      "mode": "managed",
      "type": "azurerm_resource_group",
      "name": "myterraformgroup",
      "provider": "provider.azurerm",
      "instances": [
        {
          "schema_version": 0,
          "attributes": {
            "id": "/subscriptions/25d9b7a7-6e17-43d6-920d-1b42f69113ea/resourceGroups/adda-rg",
            "location": "westeurope",
            "name": "adda-rg",
            "tags": {
              "Environment": "ADDA Demo"
            },
            "timeouts": null
          },
          "private": "eyJlMmJmYjczMC1lY2FhLTExZTYtOGY4OC0zNDM2M2JjN2M0YzAiOnsiY3JlYXRlIjo1NDAwMDAwMDAwMDAwLCJkZWxldGUiOjU0MDAwMDAwMDAwMDAsInJlYWQiOjMwMDAwMDAwMDAwMCwidXBkYXRlIjo1NDAwMDAwMDAwMDAwfX0="
        }
      ]
    },
    {
      "module": "module.storage",
      "mode": "managed",
      "type": "azurerm_storage_account",
      "name": "mystorageaccount",
      "provider": "provider.azurerm",
      "instances": [
        {
          "schema_version": 2,
          "attributes": {
            "access_tier": "Hot",
            "account_kind": "StorageV2",
            "account_replication_type": "LRS",
            "account_tier": "Standard",
            "allow_blob_public_access": true,
            "blob_properties": [],
            "custom_domain": [],
            "enable_https_traffic_only": true,
            "id": "/subscriptions/25d9b7a7-6e17-43d6-920d-1b42f69113ea/resourceGroups/adda-rg/providers/Microsoft.Storage/storageAccounts/addastorage",
            "identity": [],
            "is_hns_enabled": false,
            "location": "westeurope",
            "name": "addastorage",
            "network_rules": [
              {
                "bypass": [
                  "AzureServices"
                ],
                "default_action": "Allow",
                "ip_rules": [],
                "virtual_network_subnet_ids": []
              }
            ],
            "primary_access_key": "O0+YS4tFtqKjjqjoSjfFIW2YMj1GuuYOTEyr5lxh936dHmnorwp7vZaHoTX7XDn5O5EhTXXqGS4wUZ7+2K2LZg==",
            "primary_blob_connection_string": "DefaultEndpointsProtocol=https;BlobEndpoint=https://addastorage.blob.core.windows.net/;AccountName=addastorage;AccountKey=O0+YS4tFtqKjjqjoSjfFIW2YMj1GuuYOTEyr5lxh936dHmnorwp7vZaHoTX7XDn5O5EhTXXqGS4wUZ7+2K2LZg==",
            "primary_blob_endpoint": "https://addastorage.blob.core.windows.net/",
            "primary_blob_host": "addastorage.blob.core.windows.net",
            "primary_connection_string": "DefaultEndpointsProtocol=https;AccountName=addastorage;AccountKey=O0+YS4tFtqKjjqjoSjfFIW2YMj1GuuYOTEyr5lxh936dHmnorwp7vZaHoTX7XDn5O5EhTXXqGS4wUZ7+2K2LZg==;EndpointSuffix=core.windows.net",
            "primary_dfs_endpoint": "https://addastorage.dfs.core.windows.net/",
            "primary_dfs_host": "addastorage.dfs.core.windows.net",
            "primary_file_endpoint": "https://addastorage.file.core.windows.net/",
            "primary_file_host": "addastorage.file.core.windows.net",
            "primary_location": "westeurope",
            "primary_queue_endpoint": "https://addastorage.queue.core.windows.net/",
            "primary_queue_host": "addastorage.queue.core.windows.net",
            "primary_table_endpoint": "https://addastorage.table.core.windows.net/",
            "primary_table_host": "addastorage.table.core.windows.net",
            "primary_web_endpoint": "https://addastorage.z6.web.core.windows.net/",
            "primary_web_host": "addastorage.z6.web.core.windows.net",
            "queue_properties": [
              {
                "cors_rule": [],
                "hour_metrics": [
                  {
                    "enabled": true,
                    "include_apis": true,
                    "retention_policy_days": 7,
                    "version": "1.0"
                  }
                ],
                "logging": [
                  {
                    "delete": false,
                    "read": false,
                    "retention_policy_days": 0,
                    "version": "1.0",
                    "write": false
                  }
                ],
                "minute_metrics": [
                  {
                    "enabled": false,
                    "include_apis": false,
                    "retention_policy_days": 0,
                    "version": "1.0"
                  }
                ]
              }
            ],
            "resource_group_name": "adda-rg",
            "secondary_access_key": "gL+42FRsil6LMfjlsdKXpRvsU9nsZZF75ZIC8xm59Fcc0uLqmfP2wtz8+itIYg87HX6KFWDx5l6OX2V6yXqSIQ==",
            "secondary_blob_connection_string": "",
            "secondary_blob_endpoint": null,
            "secondary_blob_host": null,
            "secondary_connection_string": "DefaultEndpointsProtocol=https;AccountName=addastorage;AccountKey=gL+42FRsil6LMfjlsdKXpRvsU9nsZZF75ZIC8xm59Fcc0uLqmfP2wtz8+itIYg87HX6KFWDx5l6OX2V6yXqSIQ==;EndpointSuffix=core.windows.net",
            "secondary_dfs_endpoint": null,
            "secondary_dfs_host": null,
            "secondary_file_endpoint": null,
            "secondary_file_host": null,
            "secondary_location": "",
            "secondary_queue_endpoint": null,
            "secondary_queue_host": null,
            "secondary_table_endpoint": null,
            "secondary_table_host": null,
            "secondary_web_endpoint": null,
            "secondary_web_host": null,
            "static_website": [],
            "tags": {
              "Environment": "ADDA Demo"
            },
            "timeouts": null
          },
          "private": "eyJlMmJmYjczMC1lY2FhLTExZTYtOGY4OC0zNDM2M2JjN2M0YzAiOnsiY3JlYXRlIjozNjAwMDAwMDAwMDAwLCJkZWxldGUiOjM2MDAwMDAwMDAwMDAsInJlYWQiOjMwMDAwMDAwMDAwMCwidXBkYXRlIjozNjAwMDAwMDAwMDAwfSwic2NoZW1hX3ZlcnNpb24iOiIyIn0=",
          "dependencies": [
            "module.rg.azurerm_resource_group.myterraformgroup"
          ]
        }
      ]
    },
    {
      "module": "module.subnet-app",
      "mode": "managed",
      "type": "azurerm_subnet",
      "name": "myterraformsubnet",
      "provider": "provider.azurerm",
      "instances": [
        {
          "schema_version": 0,
          "attributes": {
            "address_prefix": "10.0.4.0/24",
            "address_prefixes": [
              "10.0.4.0/24"
            ],
            "delegation": [],
            "enforce_private_link_endpoint_network_policies": false,
            "enforce_private_link_service_network_policies": false,
            "id": "/subscriptions/25d9b7a7-6e17-43d6-920d-1b42f69113ea/resourceGroups/adda-rg/providers/Microsoft.Network/virtualNetworks/adda-vnet/subnets/subnetapp",
            "name": "subnetapp",
            "resource_group_name": "adda-rg",
            "service_endpoints": null,
            "timeouts": null,
            "virtual_network_name": "adda-vnet"
          },
          "private": "eyJlMmJmYjczMC1lY2FhLTExZTYtOGY4OC0zNDM2M2JjN2M0YzAiOnsiY3JlYXRlIjoxODAwMDAwMDAwMDAwLCJkZWxldGUiOjE4MDAwMDAwMDAwMDAsInJlYWQiOjMwMDAwMDAwMDAwMCwidXBkYXRlIjoxODAwMDAwMDAwMDAwfX0=",
          "dependencies": [
            "module.rg.azurerm_resource_group.myterraformgroup",
            "module.vnet-spoke1.azurerm_virtual_network.myterraformnetwork"
          ]
        }
      ]
    },
    {
      "module": "module.subnet-appgw",
      "mode": "managed",
      "type": "azurerm_subnet",
      "name": "myterraformsubnet",
      "provider": "provider.azurerm",
      "instances": [
        {
          "schema_version": 0,
          "attributes": {
            "address_prefix": "10.0.1.0/24",
            "address_prefixes": [
              "10.0.1.0/24"
            ],
            "delegation": [],
            "enforce_private_link_endpoint_network_policies": false,
            "enforce_private_link_service_network_policies": false,
            "id": "/subscriptions/25d9b7a7-6e17-43d6-920d-1b42f69113ea/resourceGroups/adda-rg/providers/Microsoft.Network/virtualNetworks/adda-vnet/subnets/subnet-appgw",
            "name": "subnet-appgw",
            "resource_group_name": "adda-rg",
            "service_endpoints": null,
            "timeouts": null,
            "virtual_network_name": "adda-vnet"
          },
          "private": "eyJlMmJmYjczMC1lY2FhLTExZTYtOGY4OC0zNDM2M2JjN2M0YzAiOnsiY3JlYXRlIjoxODAwMDAwMDAwMDAwLCJkZWxldGUiOjE4MDAwMDAwMDAwMDAsInJlYWQiOjMwMDAwMDAwMDAwMCwidXBkYXRlIjoxODAwMDAwMDAwMDAwfX0=",
          "dependencies": [
            "module.rg.azurerm_resource_group.myterraformgroup",
            "module.vnet-spoke1.azurerm_virtual_network.myterraformnetwork"
          ]
        }
      ]
    },
    {
      "module": "module.subnet-fe",
      "mode": "managed",
      "type": "azurerm_subnet",
      "name": "myterraformsubnet",
      "provider": "provider.azurerm",
      "instances": [
        {
          "schema_version": 0,
          "attributes": {
            "address_prefix": "10.0.3.0/24",
            "address_prefixes": [
              "10.0.3.0/24"
            ],
            "delegation": [],
            "enforce_private_link_endpoint_network_policies": false,
            "enforce_private_link_service_network_policies": false,
            "id": "/subscriptions/25d9b7a7-6e17-43d6-920d-1b42f69113ea/resourceGroups/adda-rg/providers/Microsoft.Network/virtualNetworks/adda-vnet/subnets/subnetfe",
            "name": "subnetfe",
            "resource_group_name": "adda-rg",
            "service_endpoints": null,
            "timeouts": null,
            "virtual_network_name": "adda-vnet"
          },
          "private": "eyJlMmJmYjczMC1lY2FhLTExZTYtOGY4OC0zNDM2M2JjN2M0YzAiOnsiY3JlYXRlIjoxODAwMDAwMDAwMDAwLCJkZWxldGUiOjE4MDAwMDAwMDAwMDAsInJlYWQiOjMwMDAwMDAwMDAwMCwidXBkYXRlIjoxODAwMDAwMDAwMDAwfX0=",
          "dependencies": [
            "module.rg.azurerm_resource_group.myterraformgroup",
            "module.vnet-spoke1.azurerm_virtual_network.myterraformnetwork"
          ]
        }
      ]
    },
    {
      "module": "module.subnet-db",
      "mode": "managed",
      "type": "azurerm_subnet",
      "name": "myterraformsubnet",
      "provider": "provider.azurerm",
      "instances": [
        {
          "schema_version": 0,
          "attributes": {
            "address_prefix": "10.0.5.0/24",
            "address_prefixes": [
              "10.0.5.0/24"
            ],
            "delegation": [],
            "enforce_private_link_endpoint_network_policies": false,
            "enforce_private_link_service_network_policies": false,
            "id": "/subscriptions/25d9b7a7-6e17-43d6-920d-1b42f69113ea/resourceGroups/adda-rg/providers/Microsoft.Network/virtualNetworks/adda-vnet/subnets/subnetdb",
            "name": "subnetdb",
            "resource_group_name": "adda-rg",
            "service_endpoints": null,
            "timeouts": null,
            "virtual_network_name": "adda-vnet"
          },
          "private": "eyJlMmJmYjczMC1lY2FhLTExZTYtOGY4OC0zNDM2M2JjN2M0YzAiOnsiY3JlYXRlIjoxODAwMDAwMDAwMDAwLCJkZWxldGUiOjE4MDAwMDAwMDAwMDAsInJlYWQiOjMwMDAwMDAwMDAwMCwidXBkYXRlIjoxODAwMDAwMDAwMDAwfX0=",
          "dependencies": [
            "module.rg.azurerm_resource_group.myterraformgroup",
            "module.vnet-spoke1.azurerm_virtual_network.myterraformnetwork"
          ]
        }
      ]
    },
    {
      "module": "module.subnet-mgmt",
      "mode": "managed",
      "type": "azurerm_subnet",
      "name": "myterraformsubnet",
      "provider": "provider.azurerm",
      "instances": [
        {
          "schema_version": 0,
          "attributes": {
            "address_prefix": "10.0.2.0/24",
            "address_prefixes": [
              "10.0.2.0/24"
            ],
            "delegation": [],
            "enforce_private_link_endpoint_network_policies": false,
            "enforce_private_link_service_network_policies": false,
            "id": "/subscriptions/25d9b7a7-6e17-43d6-920d-1b42f69113ea/resourceGroups/adda-rg/providers/Microsoft.Network/virtualNetworks/adda-vnet/subnets/subnet-mgmt",
            "name": "subnet-mgmt",
            "resource_group_name": "adda-rg",
            "service_endpoints": null,
            "timeouts": null,
            "virtual_network_name": "adda-vnet"
          },
          "private": "eyJlMmJmYjczMC1lY2FhLTExZTYtOGY4OC0zNDM2M2JjN2M0YzAiOnsiY3JlYXRlIjoxODAwMDAwMDAwMDAwLCJkZWxldGUiOjE4MDAwMDAwMDAwMDAsInJlYWQiOjMwMDAwMDAwMDAwMCwidXBkYXRlIjoxODAwMDAwMDAwMDAwfX0=",
          "dependencies": [
            "module.rg.azurerm_resource_group.myterraformgroup",
            "module.vnet-spoke1.azurerm_virtual_network.myterraformnetwork"
          ]
        }
      ]
    },
    {
      "module": "module.vnet-spoke1",
      "mode": "managed",
      "type": "azurerm_virtual_network",
      "name": "myterraformnetwork",
      "provider": "provider.azurerm",
      "instances": [
        {
          "schema_version": 0,
          "attributes": {
            "address_space": [
              "10.0.0.0/16"
            ],
            "ddos_protection_plan": [],
            "dns_servers": null,
            "guid": "fba721d6-aae0-430c-a377-de9a7fcac19d",
            "id": "/subscriptions/25d9b7a7-6e17-43d6-920d-1b42f69113ea/resourceGroups/adda-rg/providers/Microsoft.Network/virtualNetworks/adda-vnet",
            "location": "westeurope",
            "name": "adda-vnet",
            "resource_group_name": "adda-rg",
            "subnet": [],
            "tags": {
              "Environment": "ADDA Demo"
            },
            "timeouts": null
          },
          "private": "eyJlMmJmYjczMC1lY2FhLTExZTYtOGY4OC0zNDM2M2JjN2M0YzAiOnsiY3JlYXRlIjoxODAwMDAwMDAwMDAwLCJkZWxldGUiOjE4MDAwMDAwMDAwMDAsInJlYWQiOjMwMDAwMDAwMDAwMCwidXBkYXRlIjoxODAwMDAwMDAwMDAwfX0=",
          "dependencies": [
            "module.rg.azurerm_resource_group.myterraformgroup"
          ]
        }
      ]
    },
    {
      "module": "module.waf",
      "mode": "managed",
      "type": "azurerm_web_application_firewall_policy",
      "name": "example",
      "provider": "provider.azurerm",
      "instances": [
        {
          "schema_version": 0,
          "attributes": {
            "custom_rules": [
              {
                "action": "Block",
                "match_conditions": [
                  {
                    "match_values": [
                      "192.168.1.0/24",
                      "10.0.0.0/24"
                    ],
                    "match_variables": [
                      {
                        "selector": "",
                        "variable_name": "RemoteAddr"
                      }
                    ],
                    "negation_condition": false,
                    "operator": "IPMatch",
                    "transforms": null
                  }
                ],
                "name": "Rule1",
                "priority": 1,
                "rule_type": "MatchRule"
              },
              {
                "action": "Block",
                "match_conditions": [
                  {
                    "match_values": [
                      "192.168.1.0/24"
                    ],
                    "match_variables": [
                      {
                        "selector": "",
                        "variable_name": "RemoteAddr"
                      }
                    ],
                    "negation_condition": false,
                    "operator": "IPMatch",
                    "transforms": null
                  },
                  {
                    "match_values": [
                      "Windows"
                    ],
                    "match_variables": [
                      {
                        "selector": "UserAgent",
                        "variable_name": "RequestHeaders"
                      }
                    ],
                    "negation_condition": false,
                    "operator": "Contains",
                    "transforms": null
                  }
                ],
                "name": "Rule2",
                "priority": 2,
                "rule_type": "MatchRule"
              }
            ],
            "id": "/subscriptions/25d9b7a7-6e17-43d6-920d-1b42f69113ea/resourceGroups/adda-rg/providers/Microsoft.Network/ApplicationGatewayWebApplicationFirewallPolicies/wafpolicy1",
            "location": "westeurope",
            "managed_rules": [
              {
                "exclusion": [
                  {
                    "match_variable": "RequestHeaderNames",
                    "selector": "x-company-secret-header",
                    "selector_match_operator": "Equals"
                  },
                  {
                    "match_variable": "RequestCookieNames",
                    "selector": "too-tasty",
                    "selector_match_operator": "EndsWith"
                  }
                ],
                "managed_rule_set": [
                  {
                    "rule_group_override": [
                      {
                        "disabled_rules": [
                          "920300",
                          "920440"
                        ],
                        "rule_group_name": "REQUEST-920-PROTOCOL-ENFORCEMENT"
                      }
                    ],
                    "type": "OWASP",
                    "version": "3.1"
                  }
                ]
              }
            ],
            "name": "wafpolicy1",
            "policy_settings": [
              {
                "enabled": true,
                "file_upload_limit_in_mb": 100,
                "max_request_body_size_in_kb": 128,
                "mode": "Prevention",
                "request_body_check": true
              }
            ],
            "resource_group_name": "adda-rg",
            "tags": null,
            "timeouts": null
          },
          "private": "eyJlMmJmYjczMC1lY2FhLTExZTYtOGY4OC0zNDM2M2JjN2M0YzAiOnsiY3JlYXRlIjoxODAwMDAwMDAwMDAwLCJkZWxldGUiOjE4MDAwMDAwMDAwMDAsInJlYWQiOjMwMDAwMDAwMDAwMCwidXBkYXRlIjoxODAwMDAwMDAwMDAwfX0=",
          "dependencies": [
            "module.rg.azurerm_resource_group.myterraformgroup"
          ]
        }
      ]
    },
    {
      "module": "module.windowsad",
      "mode": "managed",
      "type": "azurerm_windows_virtual_machine",
      "name": "myterraformvm",
      "provider": "provider.azurerm",
      "instances": [
        {
          "schema_version": 0,
          "attributes": {
            "additional_capabilities": [],
            "additional_unattend_content": [],
            "admin_password": "Password1234!",
            "admin_username": "testadmin",
            "allow_extension_operations": true,
            "availability_set_id": "/subscriptions/25d9b7a7-6e17-43d6-920d-1b42f69113ea/resourceGroups/adda-rg/providers/Microsoft.Compute/availabilitySets/AVAILSETAD",
            "boot_diagnostics": [
              {
                "storage_account_uri": "https://addastorage.blob.core.windows.net/"
              }
            ],
            "computer_name": "activediradda",
            "custom_data": null,
            "dedicated_host_id": "",
            "enable_automatic_updates": true,
            "eviction_policy": "",
            "id": "/subscriptions/25d9b7a7-6e17-43d6-920d-1b42f69113ea/resourceGroups/adda-rg/providers/Microsoft.Compute/virtualMachines/activediradda",
            "identity": [],
            "license_type": "",
            "location": "westeurope",
            "max_bid_price": -1,
            "name": "activediradda",
            "network_interface_ids": [
              "/subscriptions/25d9b7a7-6e17-43d6-920d-1b42f69113ea/resourceGroups/adda-rg/providers/Microsoft.Network/networkInterfaces/adnic1"
            ],
            "os_disk": [
              {
                "caching": "ReadWrite",
                "diff_disk_settings": [],
                "disk_encryption_set_id": "",
                "disk_size_gb": 127,
                "name": "activediradda_OsDisk_1_0e1d574c73414cf6bcda050590d23b6d",
                "storage_account_type": "Standard_LRS",
                "write_accelerator_enabled": false
              }
            ],
            "plan": [],
            "priority": "Regular",
            "private_ip_address": "10.0.2.4",
            "private_ip_addresses": [
              "10.0.2.4"
            ],
            "provision_vm_agent": true,
            "proximity_placement_group_id": "",
            "public_ip_address": "",
            "public_ip_addresses": [],
            "resource_group_name": "adda-rg",
            "secret": [],
            "size": "Standard_B2ms",
            "source_image_id": "",
            "source_image_reference": [
              {
                "offer": "WindowsServer",
                "publisher": "MicrosoftWindowsServer",
                "sku": "2016-Datacenter",
                "version": "latest"
              }
            ],
            "tags": {
              "Environment": "ADDA Demo"
            },
            "timeouts": null,
            "timezone": "",
            "virtual_machine_id": "0455ff57-c75e-457f-b2e9-8212c2f3d4e2",
            "virtual_machine_scale_set_id": "",
            "winrm_listener": [],
            "zone": ""
          },
          "private": "eyJlMmJmYjczMC1lY2FhLTExZTYtOGY4OC0zNDM2M2JjN2M0YzAiOnsiY3JlYXRlIjoyNzAwMDAwMDAwMDAwLCJkZWxldGUiOjI3MDAwMDAwMDAwMDAsInJlYWQiOjMwMDAwMDAwMDAwMCwidXBkYXRlIjoyNzAwMDAwMDAwMDAwfX0=",
          "dependencies": [
            "module.adnic1.azurerm_network_interface.myterraformnic",
            "module.availset-ad.azurerm_availability_set.availabilityset",
            "module.rg.azurerm_resource_group.myterraformgroup",
            "module.storage.azurerm_storage_account.mystorageaccount",
            "module.subnet-mgmt.azurerm_subnet.myterraformsubnet",
            "module.vnet-spoke1.azurerm_virtual_network.myterraformnetwork"
          ]
        }
      ]
    },
    {
      "module": "module.randomid",
      "mode": "managed",
      "type": "random_id",
      "name": "randomId",
      "provider": "provider.random",
      "instances": [
        {
          "schema_version": 0,
          "attributes": {
            "b64": "uPWpjxHkgsE",
            "b64_std": "uPWpjxHkgsE=",
            "b64_url": "uPWpjxHkgsE",
            "byte_length": 8,
            "dec": "13327745104218456769",
            "hex": "b8f5a98f11e482c1",
            "id": "uPWpjxHkgsE",
            "keepers": {
              "resource_group": "adda-rg"
            },
            "prefix": null
          },
          "private": "bnVsbA==",
          "dependencies": [
            "module.rg.azurerm_resource_group.myterraformgroup"
          ]
        }
      ]
    }
  ]
}
